
Microsoft Visual Studio Solution File, Format Version 10.00
# Visual Studio 2008
Project("{FAE04EC0-301F-11D3-BF4B-00C04F79EFBC}") = "MultiExcelToOneExcel", "MultiExcelToOneExcel\MultiExcelToOneExcel.csproj", "{BDF06A1D-2F29-4B97-8029-3EC515EDE374}"
EndProject
Global
	GlobalSection(SolutionConfigurationPlatforms) = preSolution
		Debug|Any CPU = Debug|Any CPU
		Release|Any CPU = Release|Any CPU
	EndGlobalSection
	GlobalSection(ProjectConfigurationPlatforms) = postSolution
		{BDF06A1D-2F29-4B97-8029-3EC515EDE374}.Debug|Any CPU.ActiveCfg = Debug|Any CPU
		{BDF06A1D-2F29-4B97-8029-3EC515EDE374}.Debug|Any CPU.Build.0 = Debug|Any CPU
		{BDF06A1D-2F29-4B97-8029-3EC515EDE374}.Release|Any CPU.ActiveCfg = Release|Any CPU
		{BDF06A1D-2F29-4B97-8029-3EC515EDE374}.Release|Any CPU.Build.0 = Release|Any CPU
	EndGlobalSection
	GlobalSection(SolutionProperties) = preSolution
		HideSolutionNode = FALSE
	EndGlobalSection
EndGlobal
