
Microsoft Visual Studio Solution File, Format Version 10.00
# Visual Studio 2008
Project("{FAE04EC0-301F-11D3-BF4B-00C04F79EFBC}") = "ReadFileByLine", "ReadFileByLine\ReadFileByLine.csproj", "{5A36B05A-1AE4-4D83-A4DE-CE881EE30D8C}"
EndProject
Global
	GlobalSection(SolutionConfigurationPlatforms) = preSolution
		Debug|Any CPU = Debug|Any CPU
		Release|Any CPU = Release|Any CPU
	EndGlobalSection
	GlobalSection(ProjectConfigurationPlatforms) = postSolution
		{5A36B05A-1AE4-4D83-A4DE-CE881EE30D8C}.Debug|Any CPU.ActiveCfg = Debug|Any CPU
		{5A36B05A-1AE4-4D83-A4DE-CE881EE30D8C}.Debug|Any CPU.Build.0 = Debug|Any CPU
		{5A36B05A-1AE4-4D83-A4DE-CE881EE30D8C}.Release|Any CPU.ActiveCfg = Release|Any CPU
		{5A36B05A-1AE4-4D83-A4DE-CE881EE30D8C}.Release|Any CPU.Build.0 = Release|Any CPU
	EndGlobalSection
	GlobalSection(SolutionProperties) = preSolution
		HideSolutionNode = FALSE
	EndGlobalSection
EndGlobal
