
Microsoft Visual Studio Solution File, Format Version 10.00
# Visual Studio 2008
Project("{FAE04EC0-301F-11D3-BF4B-00C04F79EFBC}") = "Max", "Max\Max.csproj", "{20DE5F2B-9D7F-4146-B7DE-8A9832FCE923}"
EndProject
Global
	GlobalSection(SolutionConfigurationPlatforms) = preSolution
		Debug|Any CPU = Debug|Any CPU
		Release|Any CPU = Release|Any CPU
	EndGlobalSection
	GlobalSection(ProjectConfigurationPlatforms) = postSolution
		{20DE5F2B-9D7F-4146-B7DE-8A9832FCE923}.Debug|Any CPU.ActiveCfg = Debug|Any CPU
		{20DE5F2B-9D7F-4146-B7DE-8A9832FCE923}.Debug|Any CPU.Build.0 = Debug|Any CPU
		{20DE5F2B-9D7F-4146-B7DE-8A9832FCE923}.Release|Any CPU.ActiveCfg = Release|Any CPU
		{20DE5F2B-9D7F-4146-B7DE-8A9832FCE923}.Release|Any CPU.Build.0 = Release|Any CPU
	EndGlobalSection
	GlobalSection(SolutionProperties) = preSolution
		HideSolutionNode = FALSE
	EndGlobalSection
EndGlobal
