
Microsoft Visual Studio Solution File, Format Version 10.00
# Visual Studio 2008
Project("{FAE04EC0-301F-11D3-BF4B-00C04F79EFBC}") = "ClockingPlayImplement", "ClockingPlayImplement\ClockingPlayImplement.csproj", "{A0A05E75-6D4F-4891-B8BA-18F69F5D63B1}"
EndProject
Global
	GlobalSection(SolutionConfigurationPlatforms) = preSolution
		Debug|Any CPU = Debug|Any CPU
		Release|Any CPU = Release|Any CPU
	EndGlobalSection
	GlobalSection(ProjectConfigurationPlatforms) = postSolution
		{A0A05E75-6D4F-4891-B8BA-18F69F5D63B1}.Debug|Any CPU.ActiveCfg = Debug|Any CPU
		{A0A05E75-6D4F-4891-B8BA-18F69F5D63B1}.Debug|Any CPU.Build.0 = Debug|Any CPU
		{A0A05E75-6D4F-4891-B8BA-18F69F5D63B1}.Release|Any CPU.ActiveCfg = Release|Any CPU
		{A0A05E75-6D4F-4891-B8BA-18F69F5D63B1}.Release|Any CPU.Build.0 = Release|Any CPU
	EndGlobalSection
	GlobalSection(SolutionProperties) = preSolution
		HideSolutionNode = FALSE
	EndGlobalSection
EndGlobal
