
Microsoft Visual Studio Solution File, Format Version 10.00
# Visual Studio 2008
Project("{FAE04EC0-301F-11D3-BF4B-00C04F79EFBC}") = "GetAllDrives", "GetAllDrives\GetAllDrives.csproj", "{93DD298C-15AE-4604-9CDC-D8C328B81E34}"
EndProject
Global
	GlobalSection(SolutionConfigurationPlatforms) = preSolution
		Debug|Any CPU = Debug|Any CPU
		Release|Any CPU = Release|Any CPU
	EndGlobalSection
	GlobalSection(ProjectConfigurationPlatforms) = postSolution
		{93DD298C-15AE-4604-9CDC-D8C328B81E34}.Debug|Any CPU.ActiveCfg = Debug|Any CPU
		{93DD298C-15AE-4604-9CDC-D8C328B81E34}.Debug|Any CPU.Build.0 = Debug|Any CPU
		{93DD298C-15AE-4604-9CDC-D8C328B81E34}.Release|Any CPU.ActiveCfg = Release|Any CPU
		{93DD298C-15AE-4604-9CDC-D8C328B81E34}.Release|Any CPU.Build.0 = Release|Any CPU
	EndGlobalSection
	GlobalSection(SolutionProperties) = preSolution
		HideSolutionNode = FALSE
	EndGlobalSection
EndGlobal
