
Microsoft Visual Studio Solution File, Format Version 10.00
# Visual Studio 2008
Project("{FAE04EC0-301F-11D3-BF4B-00C04F79EFBC}") = "MouseThroughForm", "MouseThroughForm.csproj", "{C3BBA295-5ED7-4BBC-8679-8DC8CDD91094}"
EndProject
Global
	GlobalSection(SolutionConfigurationPlatforms) = preSolution
		Debug|Any CPU = Debug|Any CPU
		Release|Any CPU = Release|Any CPU
	EndGlobalSection
	GlobalSection(ProjectConfigurationPlatforms) = postSolution
		{C3BBA295-5ED7-4BBC-8679-8DC8CDD91094}.Debug|Any CPU.ActiveCfg = Debug|Any CPU
		{C3BBA295-5ED7-4BBC-8679-8DC8CDD91094}.Debug|Any CPU.Build.0 = Debug|Any CPU
		{C3BBA295-5ED7-4BBC-8679-8DC8CDD91094}.Release|Any CPU.ActiveCfg = Release|Any CPU
		{C3BBA295-5ED7-4BBC-8679-8DC8CDD91094}.Release|Any CPU.Build.0 = Release|Any CPU
	EndGlobalSection
	GlobalSection(SolutionProperties) = preSolution
		HideSolutionNode = FALSE
	EndGlobalSection
EndGlobal
