
Microsoft Visual Studio Solution File, Format Version 10.00
# Visual Studio 2008
Project("{FAE04EC0-301F-11D3-BF4B-00C04F79EFBC}") = "GDBHArith", "GDBHArith\GDBHArith.csproj", "{7C569A0E-1B69-41E2-8870-6DFE29814C73}"
EndProject
Global
	GlobalSection(SolutionConfigurationPlatforms) = preSolution
		Debug|Any CPU = Debug|Any CPU
		Release|Any CPU = Release|Any CPU
	EndGlobalSection
	GlobalSection(ProjectConfigurationPlatforms) = postSolution
		{7C569A0E-1B69-41E2-8870-6DFE29814C73}.Debug|Any CPU.ActiveCfg = Debug|Any CPU
		{7C569A0E-1B69-41E2-8870-6DFE29814C73}.Debug|Any CPU.Build.0 = Debug|Any CPU
		{7C569A0E-1B69-41E2-8870-6DFE29814C73}.Release|Any CPU.ActiveCfg = Release|Any CPU
		{7C569A0E-1B69-41E2-8870-6DFE29814C73}.Release|Any CPU.Build.0 = Release|Any CPU
	EndGlobalSection
	GlobalSection(SolutionProperties) = preSolution
		HideSolutionNode = FALSE
	EndGlobalSection
EndGlobal
