
Microsoft Visual Studio Solution File, Format Version 10.00
# Visual Studio 2008
Project("{FAE04EC0-301F-11D3-BF4B-00C04F79EFBC}") = "UseExcept", "UseExcept\UseExcept.csproj", "{7A798689-2C79-4261-A88C-03A849A1896B}"
EndProject
Global
	GlobalSection(SolutionConfigurationPlatforms) = preSolution
		Debug|Any CPU = Debug|Any CPU
		Release|Any CPU = Release|Any CPU
	EndGlobalSection
	GlobalSection(ProjectConfigurationPlatforms) = postSolution
		{7A798689-2C79-4261-A88C-03A849A1896B}.Debug|Any CPU.ActiveCfg = Debug|Any CPU
		{7A798689-2C79-4261-A88C-03A849A1896B}.Debug|Any CPU.Build.0 = Debug|Any CPU
		{7A798689-2C79-4261-A88C-03A849A1896B}.Release|Any CPU.ActiveCfg = Release|Any CPU
		{7A798689-2C79-4261-A88C-03A849A1896B}.Release|Any CPU.Build.0 = Release|Any CPU
	EndGlobalSection
	GlobalSection(SolutionProperties) = preSolution
		HideSolutionNode = FALSE
	EndGlobalSection
EndGlobal
