
Microsoft Visual Studio Solution File, Format Version 10.00
# Visual Studio 2008
Project("{FAE04EC0-301F-11D3-BF4B-00C04F79EFBC}") = "AutoRunPro", "AutoRunPro\AutoRunPro.csproj", "{ADDB9211-4415-48D6-A56C-0D68A8F9B0A1}"
EndProject
Global
	GlobalSection(SolutionConfigurationPlatforms) = preSolution
		Debug|Any CPU = Debug|Any CPU
		Release|Any CPU = Release|Any CPU
	EndGlobalSection
	GlobalSection(ProjectConfigurationPlatforms) = postSolution
		{ADDB9211-4415-48D6-A56C-0D68A8F9B0A1}.Debug|Any CPU.ActiveCfg = Debug|Any CPU
		{ADDB9211-4415-48D6-A56C-0D68A8F9B0A1}.Debug|Any CPU.Build.0 = Debug|Any CPU
		{ADDB9211-4415-48D6-A56C-0D68A8F9B0A1}.Release|Any CPU.ActiveCfg = Release|Any CPU
		{ADDB9211-4415-48D6-A56C-0D68A8F9B0A1}.Release|Any CPU.Build.0 = Release|Any CPU
	EndGlobalSection
	GlobalSection(SolutionProperties) = preSolution
		HideSolutionNode = FALSE
	EndGlobalSection
EndGlobal
