
Microsoft Visual Studio Solution File, Format Version 10.00
# Visual Studio 2008
Project("{FAE04EC0-301F-11D3-BF4B-00C04F79EFBC}") = "FindCount", "FindCount\FindCount.csproj", "{468C4C30-56E4-4F1A-8006-3FFB2F40F9E0}"
EndProject
Global
	GlobalSection(SolutionConfigurationPlatforms) = preSolution
		Debug|Any CPU = Debug|Any CPU
		Release|Any CPU = Release|Any CPU
	EndGlobalSection
	GlobalSection(ProjectConfigurationPlatforms) = postSolution
		{468C4C30-56E4-4F1A-8006-3FFB2F40F9E0}.Debug|Any CPU.ActiveCfg = Debug|Any CPU
		{468C4C30-56E4-4F1A-8006-3FFB2F40F9E0}.Debug|Any CPU.Build.0 = Debug|Any CPU
		{468C4C30-56E4-4F1A-8006-3FFB2F40F9E0}.Release|Any CPU.ActiveCfg = Release|Any CPU
		{468C4C30-56E4-4F1A-8006-3FFB2F40F9E0}.Release|Any CPU.Build.0 = Release|Any CPU
	EndGlobalSection
	GlobalSection(SolutionProperties) = preSolution
		HideSolutionNode = FALSE
	EndGlobalSection
EndGlobal
