
Microsoft Visual Studio Solution File, Format Version 10.00
# Visual Studio 2008
Project("{FAE04EC0-301F-11D3-BF4B-00C04F79EFBC}") = "AvertFormDie", "AvertFormDie\AvertFormDie.csproj", "{9C068A36-4283-4E90-A824-62652C97BBFE}"
EndProject
Global
	GlobalSection(SolutionConfigurationPlatforms) = preSolution
		Debug|Any CPU = Debug|Any CPU
		Release|Any CPU = Release|Any CPU
	EndGlobalSection
	GlobalSection(ProjectConfigurationPlatforms) = postSolution
		{9C068A36-4283-4E90-A824-62652C97BBFE}.Debug|Any CPU.ActiveCfg = Debug|Any CPU
		{9C068A36-4283-4E90-A824-62652C97BBFE}.Debug|Any CPU.Build.0 = Debug|Any CPU
		{9C068A36-4283-4E90-A824-62652C97BBFE}.Release|Any CPU.ActiveCfg = Release|Any CPU
		{9C068A36-4283-4E90-A824-62652C97BBFE}.Release|Any CPU.Build.0 = Release|Any CPU
	EndGlobalSection
	GlobalSection(SolutionProperties) = preSolution
		HideSolutionNode = FALSE
	EndGlobalSection
EndGlobal
