
Microsoft Visual Studio Solution File, Format Version 10.00
# Visual Studio 2008
Project("{FAE04EC0-301F-11D3-BF4B-00C04F79EFBC}") = "ReverseOrder", "ReverseOrder\ReverseOrder.csproj", "{8E20E4C7-FE27-484B-85EB-433880D4330C}"
EndProject
Global
	GlobalSection(SolutionConfigurationPlatforms) = preSolution
		Debug|Any CPU = Debug|Any CPU
		Release|Any CPU = Release|Any CPU
	EndGlobalSection
	GlobalSection(ProjectConfigurationPlatforms) = postSolution
		{8E20E4C7-FE27-484B-85EB-433880D4330C}.Debug|Any CPU.ActiveCfg = Debug|Any CPU
		{8E20E4C7-FE27-484B-85EB-433880D4330C}.Debug|Any CPU.Build.0 = Debug|Any CPU
		{8E20E4C7-FE27-484B-85EB-433880D4330C}.Release|Any CPU.ActiveCfg = Release|Any CPU
		{8E20E4C7-FE27-484B-85EB-433880D4330C}.Release|Any CPU.Build.0 = Release|Any CPU
	EndGlobalSection
	GlobalSection(SolutionProperties) = preSolution
		HideSolutionNode = FALSE
	EndGlobalSection
EndGlobal
