
Microsoft Visual Studio Solution File, Format Version 10.00
# Visual Studio 2008
Project("{FAE04EC0-301F-11D3-BF4B-00C04F79EFBC}") = "YHSJ", "YHSJ\YHSJ.csproj", "{4D47454C-682B-4350-AD65-A86F1A661D5E}"
EndProject
Global
	GlobalSection(SolutionConfigurationPlatforms) = preSolution
		Debug|Any CPU = Debug|Any CPU
		Release|Any CPU = Release|Any CPU
	EndGlobalSection
	GlobalSection(ProjectConfigurationPlatforms) = postSolution
		{4D47454C-682B-4350-AD65-A86F1A661D5E}.Debug|Any CPU.ActiveCfg = Debug|Any CPU
		{4D47454C-682B-4350-AD65-A86F1A661D5E}.Debug|Any CPU.Build.0 = Debug|Any CPU
		{4D47454C-682B-4350-AD65-A86F1A661D5E}.Release|Any CPU.ActiveCfg = Release|Any CPU
		{4D47454C-682B-4350-AD65-A86F1A661D5E}.Release|Any CPU.Build.0 = Release|Any CPU
	EndGlobalSection
	GlobalSection(SolutionProperties) = preSolution
		HideSolutionNode = FALSE
	EndGlobalSection
EndGlobal
