
Microsoft Visual Studio Solution File, Format Version 10.00
# Visual Studio 2008
Project("{FAE04EC0-301F-11D3-BF4B-00C04F79EFBC}") = "CrystalReportSummary", "CrystalReportSummary\CrystalReportSummary.csproj", "{B08D8D41-F05F-4EEB-9B62-16F2BC248A3B}"
EndProject
Global
	GlobalSection(SolutionConfigurationPlatforms) = preSolution
		Debug|Any CPU = Debug|Any CPU
		Release|Any CPU = Release|Any CPU
	EndGlobalSection
	GlobalSection(ProjectConfigurationPlatforms) = postSolution
		{B08D8D41-F05F-4EEB-9B62-16F2BC248A3B}.Debug|Any CPU.ActiveCfg = Debug|Any CPU
		{B08D8D41-F05F-4EEB-9B62-16F2BC248A3B}.Debug|Any CPU.Build.0 = Debug|Any CPU
		{B08D8D41-F05F-4EEB-9B62-16F2BC248A3B}.Release|Any CPU.ActiveCfg = Release|Any CPU
		{B08D8D41-F05F-4EEB-9B62-16F2BC248A3B}.Release|Any CPU.Build.0 = Release|Any CPU
	EndGlobalSection
	GlobalSection(SolutionProperties) = preSolution
		HideSolutionNode = FALSE
	EndGlobalSection
EndGlobal
