
Microsoft Visual Studio Solution File, Format Version 10.00
# Visual Studio 2008
Project("{FAE04EC0-301F-11D3-BF4B-00C04F79EFBC}") = "SnatchVoiceDeviceNameAndID", "SnatchVoiceDeviceName\SnatchVoiceDeviceNameAndID.csproj", "{149A10FA-C8F7-4645-8D54-148E3AF01B7C}"
EndProject
Global
	GlobalSection(SolutionConfigurationPlatforms) = preSolution
		Debug|Any CPU = Debug|Any CPU
		Release|Any CPU = Release|Any CPU
	EndGlobalSection
	GlobalSection(ProjectConfigurationPlatforms) = postSolution
		{149A10FA-C8F7-4645-8D54-148E3AF01B7C}.Debug|Any CPU.ActiveCfg = Debug|Any CPU
		{149A10FA-C8F7-4645-8D54-148E3AF01B7C}.Debug|Any CPU.Build.0 = Debug|Any CPU
		{149A10FA-C8F7-4645-8D54-148E3AF01B7C}.Release|Any CPU.ActiveCfg = Release|Any CPU
		{149A10FA-C8F7-4645-8D54-148E3AF01B7C}.Release|Any CPU.Build.0 = Release|Any CPU
	EndGlobalSection
	GlobalSection(SolutionProperties) = preSolution
		HideSolutionNode = FALSE
	EndGlobalSection
EndGlobal
