
Microsoft Visual Studio Solution File, Format Version 10.00
# Visual Studio 2008
Project("{FAE04EC0-301F-11D3-BF4B-00C04F79EFBC}") = "ByteConversion", "ByteConversion\ByteConversion.csproj", "{A19A8028-C8E6-4404-8643-2217E88624AD}"
EndProject
Global
	GlobalSection(SolutionConfigurationPlatforms) = preSolution
		Debug|Any CPU = Debug|Any CPU
		Release|Any CPU = Release|Any CPU
	EndGlobalSection
	GlobalSection(ProjectConfigurationPlatforms) = postSolution
		{A19A8028-C8E6-4404-8643-2217E88624AD}.Debug|Any CPU.ActiveCfg = Debug|Any CPU
		{A19A8028-C8E6-4404-8643-2217E88624AD}.Debug|Any CPU.Build.0 = Debug|Any CPU
		{A19A8028-C8E6-4404-8643-2217E88624AD}.Release|Any CPU.ActiveCfg = Release|Any CPU
		{A19A8028-C8E6-4404-8643-2217E88624AD}.Release|Any CPU.Build.0 = Release|Any CPU
	EndGlobalSection
	GlobalSection(SolutionProperties) = preSolution
		HideSolutionNode = FALSE
	EndGlobalSection
EndGlobal
