
Microsoft Visual Studio Solution File, Format Version 10.00
# Visual Studio 2008
Project("{FAE04EC0-301F-11D3-BF4B-00C04F79EFBC}") = "NChangeFormSize", "NChangeFormSize\NChangeFormSize.csproj", "{CBC17095-F1C3-4944-96E2-F74D3C160AA5}"
EndProject
Global
	GlobalSection(SolutionConfigurationPlatforms) = preSolution
		Debug|Any CPU = Debug|Any CPU
		Release|Any CPU = Release|Any CPU
	EndGlobalSection
	GlobalSection(ProjectConfigurationPlatforms) = postSolution
		{CBC17095-F1C3-4944-96E2-F74D3C160AA5}.Debug|Any CPU.ActiveCfg = Debug|Any CPU
		{CBC17095-F1C3-4944-96E2-F74D3C160AA5}.Debug|Any CPU.Build.0 = Debug|Any CPU
		{CBC17095-F1C3-4944-96E2-F74D3C160AA5}.Release|Any CPU.ActiveCfg = Release|Any CPU
		{CBC17095-F1C3-4944-96E2-F74D3C160AA5}.Release|Any CPU.Build.0 = Release|Any CPU
	EndGlobalSection
	GlobalSection(SolutionProperties) = preSolution
		HideSolutionNode = FALSE
	EndGlobalSection
EndGlobal
