
Microsoft Visual Studio Solution File, Format Version 10.00
# Visual Studio 2008
Project("{FAE04EC0-301F-11D3-BF4B-00C04F79EFBC}") = "DeleteSubstring", "DeleteSubstring\DeleteSubstring.csproj", "{721BB8EF-A832-41FF-813B-4C3CCD76688D}"
EndProject
Global
	GlobalSection(SolutionConfigurationPlatforms) = preSolution
		Debug|Any CPU = Debug|Any CPU
		Release|Any CPU = Release|Any CPU
	EndGlobalSection
	GlobalSection(ProjectConfigurationPlatforms) = postSolution
		{721BB8EF-A832-41FF-813B-4C3CCD76688D}.Debug|Any CPU.ActiveCfg = Debug|Any CPU
		{721BB8EF-A832-41FF-813B-4C3CCD76688D}.Debug|Any CPU.Build.0 = Debug|Any CPU
		{721BB8EF-A832-41FF-813B-4C3CCD76688D}.Release|Any CPU.ActiveCfg = Release|Any CPU
		{721BB8EF-A832-41FF-813B-4C3CCD76688D}.Release|Any CPU.Build.0 = Release|Any CPU
	EndGlobalSection
	GlobalSection(SolutionProperties) = preSolution
		HideSolutionNode = FALSE
	EndGlobalSection
EndGlobal
