
Microsoft Visual Studio Solution File, Format Version 10.00
# Visual Studio 2008
Project("{FAE04EC0-301F-11D3-BF4B-00C04F79EFBC}") = "ConProAccess", "ConProAccess\ConProAccess.csproj", "{214CC9AD-93DE-4FCF-8B98-77AAAB2BCEAF}"
EndProject
Global
	GlobalSection(SolutionConfigurationPlatforms) = preSolution
		Debug|Any CPU = Debug|Any CPU
		Release|Any CPU = Release|Any CPU
	EndGlobalSection
	GlobalSection(ProjectConfigurationPlatforms) = postSolution
		{214CC9AD-93DE-4FCF-8B98-77AAAB2BCEAF}.Debug|Any CPU.ActiveCfg = Debug|Any CPU
		{214CC9AD-93DE-4FCF-8B98-77AAAB2BCEAF}.Debug|Any CPU.Build.0 = Debug|Any CPU
		{214CC9AD-93DE-4FCF-8B98-77AAAB2BCEAF}.Release|Any CPU.ActiveCfg = Release|Any CPU
		{214CC9AD-93DE-4FCF-8B98-77AAAB2BCEAF}.Release|Any CPU.Build.0 = Release|Any CPU
	EndGlobalSection
	GlobalSection(SolutionProperties) = preSolution
		HideSolutionNode = FALSE
	EndGlobalSection
EndGlobal
