
Microsoft Visual Studio Solution File, Format Version 10.00
# Visual Studio 2008
Project("{FAE04EC0-301F-11D3-BF4B-00C04F79EFBC}") = "EncryptTextFileTwo", "EncryptTextFileTwo\EncryptTextFileTwo.csproj", "{98AA4907-101D-4346-BCAD-1F563F1E6EA5}"
EndProject
Global
	GlobalSection(SolutionConfigurationPlatforms) = preSolution
		Debug|Any CPU = Debug|Any CPU
		Release|Any CPU = Release|Any CPU
	EndGlobalSection
	GlobalSection(ProjectConfigurationPlatforms) = postSolution
		{98AA4907-101D-4346-BCAD-1F563F1E6EA5}.Debug|Any CPU.ActiveCfg = Debug|Any CPU
		{98AA4907-101D-4346-BCAD-1F563F1E6EA5}.Debug|Any CPU.Build.0 = Debug|Any CPU
		{98AA4907-101D-4346-BCAD-1F563F1E6EA5}.Release|Any CPU.ActiveCfg = Release|Any CPU
		{98AA4907-101D-4346-BCAD-1F563F1E6EA5}.Release|Any CPU.Build.0 = Release|Any CPU
	EndGlobalSection
	GlobalSection(SolutionProperties) = preSolution
		HideSolutionNode = FALSE
	EndGlobalSection
EndGlobal
