
Microsoft Visual Studio Solution File, Format Version 10.00
# Visual Studio 2008
Project("{FAE04EC0-301F-11D3-BF4B-00C04F79EFBC}") = "SaveWindowsLocation", "SaveWindowsLocation\SaveWindowsLocation.csproj", "{6AA4D350-9EA1-4A5F-8A93-95699F2CB8EA}"
EndProject
Global
	GlobalSection(SolutionConfigurationPlatforms) = preSolution
		Debug|Any CPU = Debug|Any CPU
		Release|Any CPU = Release|Any CPU
	EndGlobalSection
	GlobalSection(ProjectConfigurationPlatforms) = postSolution
		{6AA4D350-9EA1-4A5F-8A93-95699F2CB8EA}.Debug|Any CPU.ActiveCfg = Debug|Any CPU
		{6AA4D350-9EA1-4A5F-8A93-95699F2CB8EA}.Debug|Any CPU.Build.0 = Debug|Any CPU
		{6AA4D350-9EA1-4A5F-8A93-95699F2CB8EA}.Release|Any CPU.ActiveCfg = Release|Any CPU
		{6AA4D350-9EA1-4A5F-8A93-95699F2CB8EA}.Release|Any CPU.Build.0 = Release|Any CPU
	EndGlobalSection
	GlobalSection(SolutionProperties) = preSolution
		HideSolutionNode = FALSE
	EndGlobalSection
EndGlobal
