
Microsoft Visual Studio Solution File, Format Version 10.00
# Visual Studio 2008
Project("{FAE04EC0-301F-11D3-BF4B-00C04F79EFBC}") = "ClearIEURls", "ClearIEURls\ClearIEURls.csproj", "{21110EAF-B820-4323-A2ED-631A749BF1DE}"
EndProject
Global
	GlobalSection(SolutionConfigurationPlatforms) = preSolution
		Debug|Any CPU = Debug|Any CPU
		Release|Any CPU = Release|Any CPU
	EndGlobalSection
	GlobalSection(ProjectConfigurationPlatforms) = postSolution
		{21110EAF-B820-4323-A2ED-631A749BF1DE}.Debug|Any CPU.ActiveCfg = Debug|Any CPU
		{21110EAF-B820-4323-A2ED-631A749BF1DE}.Debug|Any CPU.Build.0 = Debug|Any CPU
		{21110EAF-B820-4323-A2ED-631A749BF1DE}.Release|Any CPU.ActiveCfg = Release|Any CPU
		{21110EAF-B820-4323-A2ED-631A749BF1DE}.Release|Any CPU.Build.0 = Release|Any CPU
	EndGlobalSection
	GlobalSection(SolutionProperties) = preSolution
		HideSolutionNode = FALSE
	EndGlobalSection
EndGlobal
