
Microsoft Visual Studio Solution File, Format Version 10.00
# Visual Studio 2008
Project("{FAE04EC0-301F-11D3-BF4B-00C04F79EFBC}") = "UseSQLUpdate", "UseSQLUpdate\UseSQLUpdate.csproj", "{CE7B85DC-6537-4B94-87D3-362C53E00CD0}"
EndProject
Global
	GlobalSection(SolutionConfigurationPlatforms) = preSolution
		Debug|Any CPU = Debug|Any CPU
		Release|Any CPU = Release|Any CPU
	EndGlobalSection
	GlobalSection(ProjectConfigurationPlatforms) = postSolution
		{CE7B85DC-6537-4B94-87D3-362C53E00CD0}.Debug|Any CPU.ActiveCfg = Debug|Any CPU
		{CE7B85DC-6537-4B94-87D3-362C53E00CD0}.Debug|Any CPU.Build.0 = Debug|Any CPU
		{CE7B85DC-6537-4B94-87D3-362C53E00CD0}.Release|Any CPU.ActiveCfg = Release|Any CPU
		{CE7B85DC-6537-4B94-87D3-362C53E00CD0}.Release|Any CPU.Build.0 = Release|Any CPU
	EndGlobalSection
	GlobalSection(SolutionProperties) = preSolution
		HideSolutionNode = FALSE
	EndGlobalSection
EndGlobal
