
Microsoft Visual Studio Solution File, Format Version 10.00
# Visual Studio 2008
Project("{FAE04EC0-301F-11D3-BF4B-00C04F79EFBC}") = "GetAnimation", "GetAnimation\GetAnimation.csproj", "{37D11D5E-6A7F-4A3D-BB30-56216F5C0367}"
EndProject
Global
	GlobalSection(SolutionConfigurationPlatforms) = preSolution
		Debug|Any CPU = Debug|Any CPU
		Release|Any CPU = Release|Any CPU
	EndGlobalSection
	GlobalSection(ProjectConfigurationPlatforms) = postSolution
		{37D11D5E-6A7F-4A3D-BB30-56216F5C0367}.Debug|Any CPU.ActiveCfg = Debug|Any CPU
		{37D11D5E-6A7F-4A3D-BB30-56216F5C0367}.Debug|Any CPU.Build.0 = Debug|Any CPU
		{37D11D5E-6A7F-4A3D-BB30-56216F5C0367}.Release|Any CPU.ActiveCfg = Release|Any CPU
		{37D11D5E-6A7F-4A3D-BB30-56216F5C0367}.Release|Any CPU.Build.0 = Release|Any CPU
	EndGlobalSection
	GlobalSection(SolutionProperties) = preSolution
		HideSolutionNode = FALSE
	EndGlobalSection
EndGlobal
