
Microsoft Visual Studio Solution File, Format Version 10.00
# Visual Studio 2008
Project("{FAE04EC0-301F-11D3-BF4B-00C04F79EFBC}") = "MDICascadeSort", "MDICascadeSort\MDICascadeSort.csproj", "{649546F7-29FC-4851-9162-B5537289DF22}"
EndProject
Global
	GlobalSection(SolutionConfigurationPlatforms) = preSolution
		Debug|Any CPU = Debug|Any CPU
		Release|Any CPU = Release|Any CPU
	EndGlobalSection
	GlobalSection(ProjectConfigurationPlatforms) = postSolution
		{649546F7-29FC-4851-9162-B5537289DF22}.Debug|Any CPU.ActiveCfg = Debug|Any CPU
		{649546F7-29FC-4851-9162-B5537289DF22}.Debug|Any CPU.Build.0 = Debug|Any CPU
		{649546F7-29FC-4851-9162-B5537289DF22}.Release|Any CPU.ActiveCfg = Release|Any CPU
		{649546F7-29FC-4851-9162-B5537289DF22}.Release|Any CPU.Build.0 = Release|Any CPU
	EndGlobalSection
	GlobalSection(SolutionProperties) = preSolution
		HideSolutionNode = FALSE
	EndGlobalSection
EndGlobal
