
Microsoft Visual Studio Solution File, Format Version 10.00
# Visual Studio 2008
Project("{FAE04EC0-301F-11D3-BF4B-00C04F79EFBC}") = "ShieldCtrlV", "ShieldCtrlV\ShieldCtrlV.csproj", "{BEA00A25-C9E6-4534-8AB4-D9410FEC6212}"
EndProject
Global
	GlobalSection(SolutionConfigurationPlatforms) = preSolution
		Debug|Any CPU = Debug|Any CPU
		Release|Any CPU = Release|Any CPU
	EndGlobalSection
	GlobalSection(ProjectConfigurationPlatforms) = postSolution
		{BEA00A25-C9E6-4534-8AB4-D9410FEC6212}.Debug|Any CPU.ActiveCfg = Debug|Any CPU
		{BEA00A25-C9E6-4534-8AB4-D9410FEC6212}.Debug|Any CPU.Build.0 = Debug|Any CPU
		{BEA00A25-C9E6-4534-8AB4-D9410FEC6212}.Release|Any CPU.ActiveCfg = Release|Any CPU
		{BEA00A25-C9E6-4534-8AB4-D9410FEC6212}.Release|Any CPU.Build.0 = Release|Any CPU
	EndGlobalSection
	GlobalSection(SolutionProperties) = preSolution
		HideSolutionNode = FALSE
	EndGlobalSection
EndGlobal
