
Microsoft Visual Studio Solution File, Format Version 10.00
# Visual Studio 2008
Project("{FAE04EC0-301F-11D3-BF4B-00C04F79EFBC}") = "WordToMulti-Txt", "WordToMulti-Txt\WordToMulti-Txt.csproj", "{4E0C15AE-4F88-4308-A84B-C688001B6072}"
EndProject
Global
	GlobalSection(SolutionConfigurationPlatforms) = preSolution
		Debug|Any CPU = Debug|Any CPU
		Release|Any CPU = Release|Any CPU
	EndGlobalSection
	GlobalSection(ProjectConfigurationPlatforms) = postSolution
		{4E0C15AE-4F88-4308-A84B-C688001B6072}.Debug|Any CPU.ActiveCfg = Debug|Any CPU
		{4E0C15AE-4F88-4308-A84B-C688001B6072}.Debug|Any CPU.Build.0 = Debug|Any CPU
		{4E0C15AE-4F88-4308-A84B-C688001B6072}.Release|Any CPU.ActiveCfg = Release|Any CPU
		{4E0C15AE-4F88-4308-A84B-C688001B6072}.Release|Any CPU.Build.0 = Release|Any CPU
	EndGlobalSection
	GlobalSection(SolutionProperties) = preSolution
		HideSolutionNode = FALSE
	EndGlobalSection
EndGlobal
