
Microsoft Visual Studio Solution File, Format Version 10.00
# Visual Studio 2008
Project("{FAE04EC0-301F-11D3-BF4B-00C04F79EFBC}") = "FindByLambda", "FindByLambda\FindByLambda.csproj", "{D8799338-C665-49F0-8CD8-682BABD9AFA9}"
EndProject
Global
	GlobalSection(SolutionConfigurationPlatforms) = preSolution
		Debug|Any CPU = Debug|Any CPU
		Release|Any CPU = Release|Any CPU
	EndGlobalSection
	GlobalSection(ProjectConfigurationPlatforms) = postSolution
		{D8799338-C665-49F0-8CD8-682BABD9AFA9}.Debug|Any CPU.ActiveCfg = Debug|Any CPU
		{D8799338-C665-49F0-8CD8-682BABD9AFA9}.Debug|Any CPU.Build.0 = Debug|Any CPU
		{D8799338-C665-49F0-8CD8-682BABD9AFA9}.Release|Any CPU.ActiveCfg = Release|Any CPU
		{D8799338-C665-49F0-8CD8-682BABD9AFA9}.Release|Any CPU.Build.0 = Release|Any CPU
	EndGlobalSection
	GlobalSection(SolutionProperties) = preSolution
		HideSolutionNode = FALSE
	EndGlobalSection
EndGlobal
