
Microsoft Visual Studio Solution File, Format Version 10.00
# Visual Studio 2008
Project("{FAE04EC0-301F-11D3-BF4B-00C04F79EFBC}") = "ArbitrarinessCombination", "ArbitrarinessCombination\ArbitrarinessCombination.csproj", "{5BA9DA2E-DBB1-40D5-B5F1-722EA1F6F48C}"
EndProject
Global
	GlobalSection(SolutionConfigurationPlatforms) = preSolution
		Debug|Any CPU = Debug|Any CPU
		Release|Any CPU = Release|Any CPU
	EndGlobalSection
	GlobalSection(ProjectConfigurationPlatforms) = postSolution
		{5BA9DA2E-DBB1-40D5-B5F1-722EA1F6F48C}.Debug|Any CPU.ActiveCfg = Debug|Any CPU
		{5BA9DA2E-DBB1-40D5-B5F1-722EA1F6F48C}.Debug|Any CPU.Build.0 = Debug|Any CPU
		{5BA9DA2E-DBB1-40D5-B5F1-722EA1F6F48C}.Release|Any CPU.ActiveCfg = Release|Any CPU
		{5BA9DA2E-DBB1-40D5-B5F1-722EA1F6F48C}.Release|Any CPU.Build.0 = Release|Any CPU
	EndGlobalSection
	GlobalSection(SolutionProperties) = preSolution
		HideSolutionNode = FALSE
	EndGlobalSection
EndGlobal
