
Microsoft Visual Studio Solution File, Format Version 10.00
# Visual Studio 2008
Project("{FAE04EC0-301F-11D3-BF4B-00C04F79EFBC}") = "BeautifulCheckBox", "BeautifulCheckBox\BeautifulCheckBox.csproj", "{68DA81BD-297A-4FFF-A11D-53C9717D2E03}"
EndProject
Global
	GlobalSection(SolutionConfigurationPlatforms) = preSolution
		Debug|Any CPU = Debug|Any CPU
		Release|Any CPU = Release|Any CPU
	EndGlobalSection
	GlobalSection(ProjectConfigurationPlatforms) = postSolution
		{68DA81BD-297A-4FFF-A11D-53C9717D2E03}.Debug|Any CPU.ActiveCfg = Debug|Any CPU
		{68DA81BD-297A-4FFF-A11D-53C9717D2E03}.Debug|Any CPU.Build.0 = Debug|Any CPU
		{68DA81BD-297A-4FFF-A11D-53C9717D2E03}.Release|Any CPU.ActiveCfg = Release|Any CPU
		{68DA81BD-297A-4FFF-A11D-53C9717D2E03}.Release|Any CPU.Build.0 = Release|Any CPU
	EndGlobalSection
	GlobalSection(SolutionProperties) = preSolution
		HideSolutionNode = FALSE
	EndGlobalSection
EndGlobal
