<?xml version="1.0" encoding="utf-8"?>
<Project ToolsVersion="4.0" xmlns="http://schemas.microsoft.com/developer/msbuild/2003">
  <ItemGroup>
    <Filter Include="Generated Files">
      <UniqueIdentifier>{608ddbde-7db4-4dce-83ad-4bf258b7478c}</UniqueIdentifier>
      <SourceControlFiles>False</SourceControlFiles>
    </Filter>
    <Filter Include="Source Files">
      <UniqueIdentifier>{420f86bf-8e19-4803-818c-07c73a4dcc55}</UniqueIdentifier>
    </Filter>
  </ItemGroup>
  <ItemGroup>
    <None Include="COMServerps.def" />
  </ItemGroup>
  <ItemGroup>
    <ClCompile Include="COMServer_i.c">
      <Filter>Generated Files</Filter>
    </ClCompile>
    <ClCompile Include="COMServer_p.c">
      <Filter>Generated Files</Filter>
    </ClCompile>
    <ClCompile Include="dlldata.c">
      <Filter>Generated Files</Filter>
    </ClCompile>
  </ItemGroup>
</Project>