
Microsoft Visual Studio Solution File, Format Version 10.00
# Visual Studio 2008
Project("{FAE04EC0-301F-11D3-BF4B-00C04F79EFBC}") = "SoftLogon", "SoftLogon\SoftLogon.csproj", "{EE2D4759-AB44-431B-8BC7-92B6138AAFEA}"
EndProject
Global
	GlobalSection(SolutionConfigurationPlatforms) = preSolution
		Debug|Any CPU = Debug|Any CPU
		Release|Any CPU = Release|Any CPU
	EndGlobalSection
	GlobalSection(ProjectConfigurationPlatforms) = postSolution
		{EE2D4759-AB44-431B-8BC7-92B6138AAFEA}.Debug|Any CPU.ActiveCfg = Debug|Any CPU
		{EE2D4759-AB44-431B-8BC7-92B6138AAFEA}.Debug|Any CPU.Build.0 = Debug|Any CPU
		{EE2D4759-AB44-431B-8BC7-92B6138AAFEA}.Release|Any CPU.ActiveCfg = Release|Any CPU
		{EE2D4759-AB44-431B-8BC7-92B6138AAFEA}.Release|Any CPU.Build.0 = Release|Any CPU
	EndGlobalSection
	GlobalSection(SolutionProperties) = preSolution
		HideSolutionNode = FALSE
	EndGlobalSection
EndGlobal
