
Microsoft Visual Studio Solution File, Format Version 10.00
# Visual Studio 2008
Project("{FAE04EC0-301F-11D3-BF4B-00C04F79EFBC}") = "GetGridData", "GetGridData\GetGridData.csproj", "{8BFAB605-60F4-4DCE-A0F3-A8D4A754E1E8}"
EndProject
Global
	GlobalSection(SolutionConfigurationPlatforms) = preSolution
		Debug|Any CPU = Debug|Any CPU
		Release|Any CPU = Release|Any CPU
	EndGlobalSection
	GlobalSection(ProjectConfigurationPlatforms) = postSolution
		{8BFAB605-60F4-4DCE-A0F3-A8D4A754E1E8}.Debug|Any CPU.ActiveCfg = Debug|Any CPU
		{8BFAB605-60F4-4DCE-A0F3-A8D4A754E1E8}.Debug|Any CPU.Build.0 = Debug|Any CPU
		{8BFAB605-60F4-4DCE-A0F3-A8D4A754E1E8}.Release|Any CPU.ActiveCfg = Release|Any CPU
		{8BFAB605-60F4-4DCE-A0F3-A8D4A754E1E8}.Release|Any CPU.Build.0 = Release|Any CPU
	EndGlobalSection
	GlobalSection(SolutionProperties) = preSolution
		HideSolutionNode = FALSE
	EndGlobalSection
EndGlobal
