
Microsoft Visual Studio Solution File, Format Version 10.00
# Visual Studio 2008
Project("{FAE04EC0-301F-11D3-BF4B-00C04F79EFBC}") = "CreateMenu", "CreateMenu\CreateMenu.csproj", "{04CA4659-D68B-464D-8FEC-9E7F00F54F2D}"
EndProject
Global
	GlobalSection(SolutionConfigurationPlatforms) = preSolution
		Debug|Any CPU = Debug|Any CPU
		Release|Any CPU = Release|Any CPU
	EndGlobalSection
	GlobalSection(ProjectConfigurationPlatforms) = postSolution
		{04CA4659-D68B-464D-8FEC-9E7F00F54F2D}.Debug|Any CPU.ActiveCfg = Debug|Any CPU
		{04CA4659-D68B-464D-8FEC-9E7F00F54F2D}.Debug|Any CPU.Build.0 = Debug|Any CPU
		{04CA4659-D68B-464D-8FEC-9E7F00F54F2D}.Release|Any CPU.ActiveCfg = Release|Any CPU
		{04CA4659-D68B-464D-8FEC-9E7F00F54F2D}.Release|Any CPU.Build.0 = Release|Any CPU
	EndGlobalSection
	GlobalSection(SolutionProperties) = preSolution
		HideSolutionNode = FALSE
	EndGlobalSection
EndGlobal
