
Microsoft Visual Studio Solution File, Format Version 10.00
# Visual Studio 2008
Project("{FAE04EC0-301F-11D3-BF4B-00C04F79EFBC}") = "AccessToExcel", "AccessToExcel\AccessToExcel.csproj", "{77A64744-328F-4A01-A774-0ABB7D8F6947}"
EndProject
Global
	GlobalSection(SolutionConfigurationPlatforms) = preSolution
		Debug|Any CPU = Debug|Any CPU
		Release|Any CPU = Release|Any CPU
	EndGlobalSection
	GlobalSection(ProjectConfigurationPlatforms) = postSolution
		{77A64744-328F-4A01-A774-0ABB7D8F6947}.Debug|Any CPU.ActiveCfg = Debug|Any CPU
		{77A64744-328F-4A01-A774-0ABB7D8F6947}.Debug|Any CPU.Build.0 = Debug|Any CPU
		{77A64744-328F-4A01-A774-0ABB7D8F6947}.Release|Any CPU.ActiveCfg = Release|Any CPU
		{77A64744-328F-4A01-A774-0ABB7D8F6947}.Release|Any CPU.Build.0 = Release|Any CPU
	EndGlobalSection
	GlobalSection(SolutionProperties) = preSolution
		HideSolutionNode = FALSE
	EndGlobalSection
EndGlobal
