
Microsoft Visual Studio Solution File, Format Version 10.00
# Visual Studio 2008
Project("{FAE04EC0-301F-11D3-BF4B-00C04F79EFBC}") = "DragControl", "DragControl\DragControl.csproj", "{530FD4A0-6056-4CAF-8BCF-41C8BFF4F6AD}"
EndProject
Global
	GlobalSection(SolutionConfigurationPlatforms) = preSolution
		Debug|Any CPU = Debug|Any CPU
		Release|Any CPU = Release|Any CPU
	EndGlobalSection
	GlobalSection(ProjectConfigurationPlatforms) = postSolution
		{530FD4A0-6056-4CAF-8BCF-41C8BFF4F6AD}.Debug|Any CPU.ActiveCfg = Debug|Any CPU
		{530FD4A0-6056-4CAF-8BCF-41C8BFF4F6AD}.Debug|Any CPU.Build.0 = Debug|Any CPU
		{530FD4A0-6056-4CAF-8BCF-41C8BFF4F6AD}.Release|Any CPU.ActiveCfg = Release|Any CPU
		{530FD4A0-6056-4CAF-8BCF-41C8BFF4F6AD}.Release|Any CPU.Build.0 = Release|Any CPU
	EndGlobalSection
	GlobalSection(SolutionProperties) = preSolution
		HideSolutionNode = FALSE
	EndGlobalSection
EndGlobal
