
Microsoft Visual Studio Solution File, Format Version 10.00
# Visual Studio 2008
Project("{FAE04EC0-301F-11D3-BF4B-00C04F79EFBC}") = "ReplaceAll", "ReplaceAll\ReplaceAll.csproj", "{304B46EA-2188-45C9-8669-6BE07E0B4994}"
EndProject
Global
	GlobalSection(SolutionConfigurationPlatforms) = preSolution
		Debug|Any CPU = Debug|Any CPU
		Release|Any CPU = Release|Any CPU
	EndGlobalSection
	GlobalSection(ProjectConfigurationPlatforms) = postSolution
		{304B46EA-2188-45C9-8669-6BE07E0B4994}.Debug|Any CPU.ActiveCfg = Debug|Any CPU
		{304B46EA-2188-45C9-8669-6BE07E0B4994}.Debug|Any CPU.Build.0 = Debug|Any CPU
		{304B46EA-2188-45C9-8669-6BE07E0B4994}.Release|Any CPU.ActiveCfg = Release|Any CPU
		{304B46EA-2188-45C9-8669-6BE07E0B4994}.Release|Any CPU.Build.0 = Release|Any CPU
	EndGlobalSection
	GlobalSection(SolutionProperties) = preSolution
		HideSolutionNode = FALSE
	EndGlobalSection
EndGlobal
