
Microsoft Visual Studio Solution File, Format Version 10.00
# Visual Studio 2008
Project("{FAE04EC0-301F-11D3-BF4B-00C04F79EFBC}") = "OperateBufferedStream", "OperateBufferedStream\OperateBufferedStream.csproj", "{6DD6D89A-D6C2-4A32-843F-F2102B71F75A}"
EndProject
Global
	GlobalSection(SolutionConfigurationPlatforms) = preSolution
		Debug|Any CPU = Debug|Any CPU
		Release|Any CPU = Release|Any CPU
	EndGlobalSection
	GlobalSection(ProjectConfigurationPlatforms) = postSolution
		{6DD6D89A-D6C2-4A32-843F-F2102B71F75A}.Debug|Any CPU.ActiveCfg = Debug|Any CPU
		{6DD6D89A-D6C2-4A32-843F-F2102B71F75A}.Debug|Any CPU.Build.0 = Debug|Any CPU
		{6DD6D89A-D6C2-4A32-843F-F2102B71F75A}.Release|Any CPU.ActiveCfg = Release|Any CPU
		{6DD6D89A-D6C2-4A32-843F-F2102B71F75A}.Release|Any CPU.Build.0 = Release|Any CPU
	EndGlobalSection
	GlobalSection(SolutionProperties) = preSolution
		HideSolutionNode = FALSE
	EndGlobalSection
EndGlobal
