
Microsoft Visual Studio Solution File, Format Version 10.00
# Visual Studio 2008
Project("{FAE04EC0-301F-11D3-BF4B-00C04F79EFBC}") = "ALitterArms", "ALitterArms\ALitterArms.csproj", "{91521B45-992E-4010-B6F7-81BE40955BA1}"
EndProject
Global
	GlobalSection(SolutionConfigurationPlatforms) = preSolution
		Debug|Any CPU = Debug|Any CPU
		Release|Any CPU = Release|Any CPU
	EndGlobalSection
	GlobalSection(ProjectConfigurationPlatforms) = postSolution
		{91521B45-992E-4010-B6F7-81BE40955BA1}.Debug|Any CPU.ActiveCfg = Debug|Any CPU
		{91521B45-992E-4010-B6F7-81BE40955BA1}.Debug|Any CPU.Build.0 = Debug|Any CPU
		{91521B45-992E-4010-B6F7-81BE40955BA1}.Release|Any CPU.ActiveCfg = Release|Any CPU
		{91521B45-992E-4010-B6F7-81BE40955BA1}.Release|Any CPU.Build.0 = Release|Any CPU
	EndGlobalSection
	GlobalSection(SolutionProperties) = preSolution
		HideSolutionNode = FALSE
	EndGlobalSection
EndGlobal
