
Microsoft Visual Studio Solution File, Format Version 10.00
# Visual Studio 2008
Project("{FAE04EC0-301F-11D3-BF4B-00C04F79EFBC}") = "GetSysTime", "GetSysTime\GetSysTime.csproj", "{31A4A1F4-9636-4E29-A191-DD9CC38F28B0}"
EndProject
Global
	GlobalSection(SolutionConfigurationPlatforms) = preSolution
		Debug|Any CPU = Debug|Any CPU
		Release|Any CPU = Release|Any CPU
	EndGlobalSection
	GlobalSection(ProjectConfigurationPlatforms) = postSolution
		{31A4A1F4-9636-4E29-A191-DD9CC38F28B0}.Debug|Any CPU.ActiveCfg = Debug|Any CPU
		{31A4A1F4-9636-4E29-A191-DD9CC38F28B0}.Debug|Any CPU.Build.0 = Debug|Any CPU
		{31A4A1F4-9636-4E29-A191-DD9CC38F28B0}.Release|Any CPU.ActiveCfg = Release|Any CPU
		{31A4A1F4-9636-4E29-A191-DD9CC38F28B0}.Release|Any CPU.Build.0 = Release|Any CPU
	EndGlobalSection
	GlobalSection(SolutionProperties) = preSolution
		HideSolutionNode = FALSE
	EndGlobalSection
EndGlobal
