
Microsoft Visual Studio Solution File, Format Version 10.00
# Visual Studio 2008
Project("{FAE04EC0-301F-11D3-BF4B-00C04F79EFBC}") = "ImagePels", "ImagePels\ImagePels.csproj", "{11599664-FD67-4145-8836-D623425A7552}"
EndProject
Global
	GlobalSection(SolutionConfigurationPlatforms) = preSolution
		Debug|Any CPU = Debug|Any CPU
		Release|Any CPU = Release|Any CPU
	EndGlobalSection
	GlobalSection(ProjectConfigurationPlatforms) = postSolution
		{11599664-FD67-4145-8836-D623425A7552}.Debug|Any CPU.ActiveCfg = Debug|Any CPU
		{11599664-FD67-4145-8836-D623425A7552}.Debug|Any CPU.Build.0 = Debug|Any CPU
		{11599664-FD67-4145-8836-D623425A7552}.Release|Any CPU.ActiveCfg = Release|Any CPU
		{11599664-FD67-4145-8836-D623425A7552}.Release|Any CPU.Build.0 = Release|Any CPU
	EndGlobalSection
	GlobalSection(SolutionProperties) = preSolution
		HideSolutionNode = FALSE
	EndGlobalSection
EndGlobal
