
Microsoft Visual Studio Solution File, Format Version 10.00
# Visual Studio 2008
Project("{FAE04EC0-301F-11D3-BF4B-00C04F79EFBC}") = "FindLast", "FindLast\FindLast.csproj", "{1561879C-217C-4B4D-806C-20EF74DBE332}"
EndProject
Global
	GlobalSection(SolutionConfigurationPlatforms) = preSolution
		Debug|Any CPU = Debug|Any CPU
		Release|Any CPU = Release|Any CPU
	EndGlobalSection
	GlobalSection(ProjectConfigurationPlatforms) = postSolution
		{1561879C-217C-4B4D-806C-20EF74DBE332}.Debug|Any CPU.ActiveCfg = Debug|Any CPU
		{1561879C-217C-4B4D-806C-20EF74DBE332}.Debug|Any CPU.Build.0 = Debug|Any CPU
		{1561879C-217C-4B4D-806C-20EF74DBE332}.Release|Any CPU.ActiveCfg = Release|Any CPU
		{1561879C-217C-4B4D-806C-20EF74DBE332}.Release|Any CPU.Build.0 = Release|Any CPU
	EndGlobalSection
	GlobalSection(SolutionProperties) = preSolution
		HideSolutionNode = FALSE
	EndGlobalSection
EndGlobal
