
Microsoft Visual Studio Solution File, Format Version 10.00
# Visual Studio 2008
Project("{FAE04EC0-301F-11D3-BF4B-00C04F79EFBC}") = "FunctionQuery", "FunctionQuery\FunctionQuery.csproj", "{73FEE0E4-F82F-4400-A5D0-FB055547A01B}"
EndProject
Global
	GlobalSection(SolutionConfigurationPlatforms) = preSolution
		Debug|Any CPU = Debug|Any CPU
		Release|Any CPU = Release|Any CPU
	EndGlobalSection
	GlobalSection(ProjectConfigurationPlatforms) = postSolution
		{73FEE0E4-F82F-4400-A5D0-FB055547A01B}.Debug|Any CPU.ActiveCfg = Debug|Any CPU
		{73FEE0E4-F82F-4400-A5D0-FB055547A01B}.Debug|Any CPU.Build.0 = Debug|Any CPU
		{73FEE0E4-F82F-4400-A5D0-FB055547A01B}.Release|Any CPU.ActiveCfg = Release|Any CPU
		{73FEE0E4-F82F-4400-A5D0-FB055547A01B}.Release|Any CPU.Build.0 = Release|Any CPU
	EndGlobalSection
	GlobalSection(SolutionProperties) = preSolution
		HideSolutionNode = FALSE
	EndGlobalSection
EndGlobal
