
Microsoft Visual Studio Solution File, Format Version 10.00
# Visual Studio 2008
Project("{FAE04EC0-301F-11D3-BF4B-00C04F79EFBC}") = "ProgressBar", "ProgressBar\ProgressBar.csproj", "{A3F31E06-A9CA-433B-8F49-8E29B2D58288}"
EndProject
Global
	GlobalSection(SolutionConfigurationPlatforms) = preSolution
		Debug|Any CPU = Debug|Any CPU
		Release|Any CPU = Release|Any CPU
	EndGlobalSection
	GlobalSection(ProjectConfigurationPlatforms) = postSolution
		{A3F31E06-A9CA-433B-8F49-8E29B2D58288}.Debug|Any CPU.ActiveCfg = Debug|Any CPU
		{A3F31E06-A9CA-433B-8F49-8E29B2D58288}.Debug|Any CPU.Build.0 = Debug|Any CPU
		{A3F31E06-A9CA-433B-8F49-8E29B2D58288}.Release|Any CPU.ActiveCfg = Release|Any CPU
		{A3F31E06-A9CA-433B-8F49-8E29B2D58288}.Release|Any CPU.Build.0 = Release|Any CPU
	EndGlobalSection
	GlobalSection(SolutionProperties) = preSolution
		HideSolutionNode = FALSE
	EndGlobalSection
EndGlobal
