
Microsoft Visual Studio Solution File, Format Version 10.00
# Visual Studio 2008
Project("{FAE04EC0-301F-11D3-BF4B-00C04F79EFBC}") = "TailorAnimation", "TailorAnimation\TailorAnimation.csproj", "{AA0AF1E1-D8C4-4607-94D6-AC58277E57BE}"
EndProject
Global
	GlobalSection(SolutionConfigurationPlatforms) = preSolution
		Debug|Any CPU = Debug|Any CPU
		Release|Any CPU = Release|Any CPU
	EndGlobalSection
	GlobalSection(ProjectConfigurationPlatforms) = postSolution
		{AA0AF1E1-D8C4-4607-94D6-AC58277E57BE}.Debug|Any CPU.ActiveCfg = Debug|Any CPU
		{AA0AF1E1-D8C4-4607-94D6-AC58277E57BE}.Debug|Any CPU.Build.0 = Debug|Any CPU
		{AA0AF1E1-D8C4-4607-94D6-AC58277E57BE}.Release|Any CPU.ActiveCfg = Release|Any CPU
		{AA0AF1E1-D8C4-4607-94D6-AC58277E57BE}.Release|Any CPU.Build.0 = Release|Any CPU
	EndGlobalSection
	GlobalSection(SolutionProperties) = preSolution
		HideSolutionNode = FALSE
	EndGlobalSection
EndGlobal
