
Microsoft Visual Studio Solution File, Format Version 10.00
# Visual Studio 2008
Project("{FAE04EC0-301F-11D3-BF4B-00C04F79EFBC}") = "MenuVestige", "MenuVestige\MenuVestige.csproj", "{C28D35C4-3F83-413D-8272-678CA8F54B2B}"
EndProject
Global
	GlobalSection(SolutionConfigurationPlatforms) = preSolution
		Debug|Any CPU = Debug|Any CPU
		Release|Any CPU = Release|Any CPU
	EndGlobalSection
	GlobalSection(ProjectConfigurationPlatforms) = postSolution
		{C28D35C4-3F83-413D-8272-678CA8F54B2B}.Debug|Any CPU.ActiveCfg = Debug|Any CPU
		{C28D35C4-3F83-413D-8272-678CA8F54B2B}.Debug|Any CPU.Build.0 = Debug|Any CPU
		{C28D35C4-3F83-413D-8272-678CA8F54B2B}.Release|Any CPU.ActiveCfg = Release|Any CPU
		{C28D35C4-3F83-413D-8272-678CA8F54B2B}.Release|Any CPU.Build.0 = Release|Any CPU
	EndGlobalSection
	GlobalSection(SolutionProperties) = preSolution
		HideSolutionNode = FALSE
	EndGlobalSection
EndGlobal
