
Microsoft Visual Studio Solution File, Format Version 10.00
# Visual Studio 2008
Project("{FAE04EC0-301F-11D3-BF4B-00C04F79EFBC}") = "ValidateLength", "ValidateLength\ValidateLength.csproj", "{80719FAF-1AE2-4099-9132-95D0AB0CEE2C}"
EndProject
Global
	GlobalSection(SolutionConfigurationPlatforms) = preSolution
		Debug|Any CPU = Debug|Any CPU
		Release|Any CPU = Release|Any CPU
	EndGlobalSection
	GlobalSection(ProjectConfigurationPlatforms) = postSolution
		{80719FAF-1AE2-4099-9132-95D0AB0CEE2C}.Debug|Any CPU.ActiveCfg = Debug|Any CPU
		{80719FAF-1AE2-4099-9132-95D0AB0CEE2C}.Debug|Any CPU.Build.0 = Debug|Any CPU
		{80719FAF-1AE2-4099-9132-95D0AB0CEE2C}.Release|Any CPU.ActiveCfg = Release|Any CPU
		{80719FAF-1AE2-4099-9132-95D0AB0CEE2C}.Release|Any CPU.Build.0 = Release|Any CPU
	EndGlobalSection
	GlobalSection(SolutionProperties) = preSolution
		HideSolutionNode = FALSE
	EndGlobalSection
EndGlobal
