
Microsoft Visual Studio Solution File, Format Version 10.00
# Visual Studio 2008
Project("{FAE04EC0-301F-11D3-BF4B-00C04F79EFBC}") = "ShowDialogByClose", "ShowDialogByClose\ShowDialogByClose.csproj", "{CE800757-AC73-4CCF-9785-4D1CD45B5355}"
EndProject
Global
	GlobalSection(SolutionConfigurationPlatforms) = preSolution
		Debug|Any CPU = Debug|Any CPU
		Release|Any CPU = Release|Any CPU
	EndGlobalSection
	GlobalSection(ProjectConfigurationPlatforms) = postSolution
		{CE800757-AC73-4CCF-9785-4D1CD45B5355}.Debug|Any CPU.ActiveCfg = Debug|Any CPU
		{CE800757-AC73-4CCF-9785-4D1CD45B5355}.Debug|Any CPU.Build.0 = Debug|Any CPU
		{CE800757-AC73-4CCF-9785-4D1CD45B5355}.Release|Any CPU.ActiveCfg = Release|Any CPU
		{CE800757-AC73-4CCF-9785-4D1CD45B5355}.Release|Any CPU.Build.0 = Release|Any CPU
	EndGlobalSection
	GlobalSection(SolutionProperties) = preSolution
		HideSolutionNode = FALSE
	EndGlobalSection
EndGlobal
