
Microsoft Visual Studio Solution File, Format Version 10.00
# Visual Studio 2008
Project("{FAE04EC0-301F-11D3-BF4B-00C04F79EFBC}") = "AddShart", "AddShart\AddShart.csproj", "{C66B9406-BAD7-480F-9F6F-F8D177DD147B}"
EndProject
Global
	GlobalSection(SolutionConfigurationPlatforms) = preSolution
		Debug|Any CPU = Debug|Any CPU
		Release|Any CPU = Release|Any CPU
	EndGlobalSection
	GlobalSection(ProjectConfigurationPlatforms) = postSolution
		{C66B9406-BAD7-480F-9F6F-F8D177DD147B}.Debug|Any CPU.ActiveCfg = Debug|Any CPU
		{C66B9406-BAD7-480F-9F6F-F8D177DD147B}.Debug|Any CPU.Build.0 = Debug|Any CPU
		{C66B9406-BAD7-480F-9F6F-F8D177DD147B}.Release|Any CPU.ActiveCfg = Release|Any CPU
		{C66B9406-BAD7-480F-9F6F-F8D177DD147B}.Release|Any CPU.Build.0 = Release|Any CPU
	EndGlobalSection
	GlobalSection(SolutionProperties) = preSolution
		HideSolutionNode = FALSE
	EndGlobalSection
EndGlobal
