
Microsoft Visual Studio Solution File, Format Version 10.00
# Visual Studio 2008
Project("{FAE04EC0-301F-11D3-BF4B-00C04F79EFBC}") = "CreateLetter", "CreateLetter\CreateLetter.csproj", "{8BE9E6F5-5733-424C-88E3-9F0CFF23593D}"
EndProject
Global
	GlobalSection(SolutionConfigurationPlatforms) = preSolution
		Debug|Any CPU = Debug|Any CPU
		Release|Any CPU = Release|Any CPU
	EndGlobalSection
	GlobalSection(ProjectConfigurationPlatforms) = postSolution
		{8BE9E6F5-5733-424C-88E3-9F0CFF23593D}.Debug|Any CPU.ActiveCfg = Debug|Any CPU
		{8BE9E6F5-5733-424C-88E3-9F0CFF23593D}.Debug|Any CPU.Build.0 = Debug|Any CPU
		{8BE9E6F5-5733-424C-88E3-9F0CFF23593D}.Release|Any CPU.ActiveCfg = Release|Any CPU
		{8BE9E6F5-5733-424C-88E3-9F0CFF23593D}.Release|Any CPU.Build.0 = Release|Any CPU
	EndGlobalSection
	GlobalSection(SolutionProperties) = preSolution
		HideSolutionNode = FALSE
	EndGlobalSection
EndGlobal
