
Microsoft Visual Studio Solution File, Format Version 11.00
# Visual Studio 10
Project("{FAE04EC0-301F-11D3-BF4B-00C04F79EFBC}") = "Printing", "Printing\Printing.csproj", "{DAABDD67-1D81-4F4D-B847-8B1647FA16EE}"
EndProject
Global
	GlobalSection(SolutionConfigurationPlatforms) = preSolution
		Debug|Any CPU = Debug|Any CPU
		Release|Any CPU = Release|Any CPU
	EndGlobalSection
	GlobalSection(ProjectConfigurationPlatforms) = postSolution
		{DAABDD67-1D81-4F4D-B847-8B1647FA16EE}.Debug|Any CPU.ActiveCfg = Debug|Any CPU
		{DAABDD67-1D81-4F4D-B847-8B1647FA16EE}.Debug|Any CPU.Build.0 = Debug|Any CPU
		{DAABDD67-1D81-4F4D-B847-8B1647FA16EE}.Release|Any CPU.ActiveCfg = Release|Any CPU
		{DAABDD67-1D81-4F4D-B847-8B1647FA16EE}.Release|Any CPU.Build.0 = Release|Any CPU
	EndGlobalSection
	GlobalSection(SolutionProperties) = preSolution
		HideSolutionNode = FALSE
	EndGlobalSection
EndGlobal
