
Microsoft Visual Studio Solution File, Format Version 10.00
# Visual Studio 2008
Project("{FAE04EC0-301F-11D3-BF4B-00C04F79EFBC}") = "ZoomCharacter", "ZoomCharacter\ZoomCharacter.csproj", "{40612B7B-57CA-43DA-90A8-66AD1262A93D}"
EndProject
Global
	GlobalSection(SolutionConfigurationPlatforms) = preSolution
		Debug|Any CPU = Debug|Any CPU
		Release|Any CPU = Release|Any CPU
	EndGlobalSection
	GlobalSection(ProjectConfigurationPlatforms) = postSolution
		{40612B7B-57CA-43DA-90A8-66AD1262A93D}.Debug|Any CPU.ActiveCfg = Debug|Any CPU
		{40612B7B-57CA-43DA-90A8-66AD1262A93D}.Debug|Any CPU.Build.0 = Debug|Any CPU
		{40612B7B-57CA-43DA-90A8-66AD1262A93D}.Release|Any CPU.ActiveCfg = Release|Any CPU
		{40612B7B-57CA-43DA-90A8-66AD1262A93D}.Release|Any CPU.Build.0 = Release|Any CPU
	EndGlobalSection
	GlobalSection(SolutionProperties) = preSolution
		HideSolutionNode = FALSE
	EndGlobalSection
EndGlobal
