
Microsoft Visual Studio Solution File, Format Version 9.00
# Visual Studio 2005
Project("{FAE04EC0-301F-11D3-BF4B-00C04F79EFBC}") = "Ex21_04", "Ex21_04.csproj", "{4507DCDD-6F4B-4730-8D96-30D52571EDD0}"
EndProject
Global
	GlobalSection(SolutionConfigurationPlatforms) = preSolution
		Debug|Any CPU = Debug|Any CPU
		Release|Any CPU = Release|Any CPU
	EndGlobalSection
	GlobalSection(ProjectConfigurationPlatforms) = postSolution
		{4507DCDD-6F4B-4730-8D96-30D52571EDD0}.Debug|Any CPU.ActiveCfg = Debug|Any CPU
		{4507DCDD-6F4B-4730-8D96-30D52571EDD0}.Debug|Any CPU.Build.0 = Debug|Any CPU
		{4507DCDD-6F4B-4730-8D96-30D52571EDD0}.Release|Any CPU.ActiveCfg = Release|Any CPU
		{4507DCDD-6F4B-4730-8D96-30D52571EDD0}.Release|Any CPU.Build.0 = Release|Any CPU
	EndGlobalSection
	GlobalSection(SolutionProperties) = preSolution
		HideSolutionNode = FALSE
	EndGlobalSection
EndGlobal
