
Microsoft Visual Studio Solution File, Format Version 10.00
# Visual Studio 2008
Project("{FAE04EC0-301F-11D3-BF4B-00C04F79EFBC}") = "FileComminuteUnite", "FileComminuteUnite\FileComminuteUnite.csproj", "{BC96644F-5257-4C08-B3E4-3AAA181E158E}"
EndProject
Global
	GlobalSection(SolutionConfigurationPlatforms) = preSolution
		Debug|Any CPU = Debug|Any CPU
		Release|Any CPU = Release|Any CPU
	EndGlobalSection
	GlobalSection(ProjectConfigurationPlatforms) = postSolution
		{BC96644F-5257-4C08-B3E4-3AAA181E158E}.Debug|Any CPU.ActiveCfg = Debug|Any CPU
		{BC96644F-5257-4C08-B3E4-3AAA181E158E}.Debug|Any CPU.Build.0 = Debug|Any CPU
		{BC96644F-5257-4C08-B3E4-3AAA181E158E}.Release|Any CPU.ActiveCfg = Release|Any CPU
		{BC96644F-5257-4C08-B3E4-3AAA181E158E}.Release|Any CPU.Build.0 = Release|Any CPU
	EndGlobalSection
	GlobalSection(SolutionProperties) = preSolution
		HideSolutionNode = FALSE
	EndGlobalSection
EndGlobal
