
Microsoft Visual Studio Solution File, Format Version 10.00
# Visual Studio 2008
Project("{FAE04EC0-301F-11D3-BF4B-00C04F79EFBC}") = "AddDocumentType", "AddDocumentType\AddDocumentType.csproj", "{A098496E-6A3B-434C-98A5-286CCF9F85CE}"
EndProject
Global
	GlobalSection(SolutionConfigurationPlatforms) = preSolution
		Debug|Any CPU = Debug|Any CPU
		Release|Any CPU = Release|Any CPU
	EndGlobalSection
	GlobalSection(ProjectConfigurationPlatforms) = postSolution
		{A098496E-6A3B-434C-98A5-286CCF9F85CE}.Debug|Any CPU.ActiveCfg = Debug|Any CPU
		{A098496E-6A3B-434C-98A5-286CCF9F85CE}.Debug|Any CPU.Build.0 = Debug|Any CPU
		{A098496E-6A3B-434C-98A5-286CCF9F85CE}.Release|Any CPU.ActiveCfg = Release|Any CPU
		{A098496E-6A3B-434C-98A5-286CCF9F85CE}.Release|Any CPU.Build.0 = Release|Any CPU
	EndGlobalSection
	GlobalSection(SolutionProperties) = preSolution
		HideSolutionNode = FALSE
	EndGlobalSection
EndGlobal
