
Microsoft Visual Studio Solution File, Format Version 10.00
# Visual Studio 2008
Project("{FAE04EC0-301F-11D3-BF4B-00C04F79EFBC}") = "DoubleBuffer", "DoubleBuffer\DoubleBuffer.csproj", "{ADB1D28D-299B-4BE4-9F0A-AC546F33BE10}"
EndProject
Global
	GlobalSection(SolutionConfigurationPlatforms) = preSolution
		Debug|Any CPU = Debug|Any CPU
		Release|Any CPU = Release|Any CPU
	EndGlobalSection
	GlobalSection(ProjectConfigurationPlatforms) = postSolution
		{ADB1D28D-299B-4BE4-9F0A-AC546F33BE10}.Debug|Any CPU.ActiveCfg = Debug|Any CPU
		{ADB1D28D-299B-4BE4-9F0A-AC546F33BE10}.Debug|Any CPU.Build.0 = Debug|Any CPU
		{ADB1D28D-299B-4BE4-9F0A-AC546F33BE10}.Release|Any CPU.ActiveCfg = Release|Any CPU
		{ADB1D28D-299B-4BE4-9F0A-AC546F33BE10}.Release|Any CPU.Build.0 = Release|Any CPU
	EndGlobalSection
	GlobalSection(SolutionProperties) = preSolution
		HideSolutionNode = FALSE
	EndGlobalSection
EndGlobal
