
Microsoft Visual Studio Solution File, Format Version 12.00
# Visual Studio 2013
VisualStudioVersion = 12.0.21005.1
MinimumVisualStudioVersion = 10.0.40219.1
Project("{FAE04EC0-301F-11D3-BF4B-00C04F79EFBC}") = "SelfHostApp", "SelfHostApp\SelfHostApp.csproj", "{692092A9-73A0-4050-964C-2DEFD6F90175}"
EndProject
Global
	GlobalSection(SolutionConfigurationPlatforms) = preSolution
		Debug|Any CPU = Debug|Any CPU
		Release|Any CPU = Release|Any CPU
	EndGlobalSection
	GlobalSection(ProjectConfigurationPlatforms) = postSolution
		{692092A9-73A0-4050-964C-2DEFD6F90175}.Debug|Any CPU.ActiveCfg = Debug|Any CPU
		{692092A9-73A0-4050-964C-2DEFD6F90175}.Debug|Any CPU.Build.0 = Debug|Any CPU
		{692092A9-73A0-4050-964C-2DEFD6F90175}.Release|Any CPU.ActiveCfg = Release|Any CPU
		{692092A9-73A0-4050-964C-2DEFD6F90175}.Release|Any CPU.Build.0 = Release|Any CPU
	EndGlobalSection
	GlobalSection(SolutionProperties) = preSolution
		HideSolutionNode = FALSE
	EndGlobalSection
EndGlobal
