
Microsoft Visual Studio Solution File, Format Version 10.00
# Visual Studio 2008
Project("{FAE04EC0-301F-11D3-BF4B-00C04F79EFBC}") = "Ancestors", "Ancestors\Ancestors.csproj", "{F4493ABD-D5B6-4B04-BEE4-021D11278E65}"
EndProject
Global
	GlobalSection(SolutionConfigurationPlatforms) = preSolution
		Debug|Any CPU = Debug|Any CPU
		Release|Any CPU = Release|Any CPU
	EndGlobalSection
	GlobalSection(ProjectConfigurationPlatforms) = postSolution
		{F4493ABD-D5B6-4B04-BEE4-021D11278E65}.Debug|Any CPU.ActiveCfg = Debug|Any CPU
		{F4493ABD-D5B6-4B04-BEE4-021D11278E65}.Debug|Any CPU.Build.0 = Debug|Any CPU
		{F4493ABD-D5B6-4B04-BEE4-021D11278E65}.Release|Any CPU.ActiveCfg = Release|Any CPU
		{F4493ABD-D5B6-4B04-BEE4-021D11278E65}.Release|Any CPU.Build.0 = Release|Any CPU
	EndGlobalSection
	GlobalSection(SolutionProperties) = preSolution
		HideSolutionNode = FALSE
	EndGlobalSection
EndGlobal
