
Microsoft Visual Studio Solution File, Format Version 10.00
# Visual Studio 2008
Project("{FAE04EC0-301F-11D3-BF4B-00C04F79EFBC}") = "FindStr", "FindStr\FindStr.csproj", "{F373CAD9-F3D2-42B5-9A17-C40069334AAA}"
EndProject
Global
	GlobalSection(SolutionConfigurationPlatforms) = preSolution
		Debug|Any CPU = Debug|Any CPU
		Release|Any CPU = Release|Any CPU
	EndGlobalSection
	GlobalSection(ProjectConfigurationPlatforms) = postSolution
		{F373CAD9-F3D2-42B5-9A17-C40069334AAA}.Debug|Any CPU.ActiveCfg = Debug|Any CPU
		{F373CAD9-F3D2-42B5-9A17-C40069334AAA}.Debug|Any CPU.Build.0 = Debug|Any CPU
		{F373CAD9-F3D2-42B5-9A17-C40069334AAA}.Release|Any CPU.ActiveCfg = Release|Any CPU
		{F373CAD9-F3D2-42B5-9A17-C40069334AAA}.Release|Any CPU.Build.0 = Release|Any CPU
	EndGlobalSection
	GlobalSection(SolutionProperties) = preSolution
		HideSolutionNode = FALSE
	EndGlobalSection
EndGlobal
