
Microsoft Visual Studio Solution File, Format Version 10.00
# Visual Studio 2008
Project("{FAE04EC0-301F-11D3-BF4B-00C04F79EFBC}") = "AllowDropFile", "AllowDropFile\AllowDropFile.csproj", "{CF32B62A-62D7-49EB-A0B0-ADDD1D6E47C1}"
EndProject
Global
	GlobalSection(SolutionConfigurationPlatforms) = preSolution
		Debug|Any CPU = Debug|Any CPU
		Release|Any CPU = Release|Any CPU
	EndGlobalSection
	GlobalSection(ProjectConfigurationPlatforms) = postSolution
		{CF32B62A-62D7-49EB-A0B0-ADDD1D6E47C1}.Debug|Any CPU.ActiveCfg = Debug|Any CPU
		{CF32B62A-62D7-49EB-A0B0-ADDD1D6E47C1}.Debug|Any CPU.Build.0 = Debug|Any CPU
		{CF32B62A-62D7-49EB-A0B0-ADDD1D6E47C1}.Release|Any CPU.ActiveCfg = Release|Any CPU
		{CF32B62A-62D7-49EB-A0B0-ADDD1D6E47C1}.Release|Any CPU.Build.0 = Release|Any CPU
	EndGlobalSection
	GlobalSection(SolutionProperties) = preSolution
		HideSolutionNode = FALSE
	EndGlobalSection
EndGlobal
