
Microsoft Visual Studio Solution File, Format Version 10.00
# Visual Studio 2008
Project("{FAE04EC0-301F-11D3-BF4B-00C04F79EFBC}") = "ElementAt", "ElementAt\ElementAt.csproj", "{A1610E5F-E1E7-4C8B-A473-A63BA51C887F}"
EndProject
Global
	GlobalSection(SolutionConfigurationPlatforms) = preSolution
		Debug|Any CPU = Debug|Any CPU
		Release|Any CPU = Release|Any CPU
	EndGlobalSection
	GlobalSection(ProjectConfigurationPlatforms) = postSolution
		{A1610E5F-E1E7-4C8B-A473-A63BA51C887F}.Debug|Any CPU.ActiveCfg = Debug|Any CPU
		{A1610E5F-E1E7-4C8B-A473-A63BA51C887F}.Debug|Any CPU.Build.0 = Debug|Any CPU
		{A1610E5F-E1E7-4C8B-A473-A63BA51C887F}.Release|Any CPU.ActiveCfg = Release|Any CPU
		{A1610E5F-E1E7-4C8B-A473-A63BA51C887F}.Release|Any CPU.Build.0 = Release|Any CPU
	EndGlobalSection
	GlobalSection(SolutionProperties) = preSolution
		HideSolutionNode = FALSE
	EndGlobalSection
EndGlobal
