
Microsoft Visual Studio Solution File, Format Version 10.00
# Visual Studio 2008
Project("{FAE04EC0-301F-11D3-BF4B-00C04F79EFBC}") = "UseActionDelegate", "UseActionDelegate\UseActionDelegate.csproj", "{3ACC86AB-D318-43A9-8565-68B6C2BE2CD5}"
EndProject
Global
	GlobalSection(SolutionConfigurationPlatforms) = preSolution
		Debug|Any CPU = Debug|Any CPU
		Release|Any CPU = Release|Any CPU
	EndGlobalSection
	GlobalSection(ProjectConfigurationPlatforms) = postSolution
		{3ACC86AB-D318-43A9-8565-68B6C2BE2CD5}.Debug|Any CPU.ActiveCfg = Debug|Any CPU
		{3ACC86AB-D318-43A9-8565-68B6C2BE2CD5}.Debug|Any CPU.Build.0 = Debug|Any CPU
		{3ACC86AB-D318-43A9-8565-68B6C2BE2CD5}.Release|Any CPU.ActiveCfg = Release|Any CPU
		{3ACC86AB-D318-43A9-8565-68B6C2BE2CD5}.Release|Any CPU.Build.0 = Release|Any CPU
	EndGlobalSection
	GlobalSection(SolutionProperties) = preSolution
		HideSolutionNode = FALSE
	EndGlobalSection
EndGlobal
