
Microsoft Visual Studio Solution File, Format Version 10.00
# Visual Studio 2008
Project("{FAE04EC0-301F-11D3-BF4B-00C04F79EFBC}") = "GenericList", "GenericList\GenericList.csproj", "{6E92B5FD-C0F9-4EC5-82E0-D84D2F7B51C9}"
EndProject
Global
	GlobalSection(SolutionConfigurationPlatforms) = preSolution
		Debug|Any CPU = Debug|Any CPU
		Release|Any CPU = Release|Any CPU
	EndGlobalSection
	GlobalSection(ProjectConfigurationPlatforms) = postSolution
		{6E92B5FD-C0F9-4EC5-82E0-D84D2F7B51C9}.Debug|Any CPU.ActiveCfg = Debug|Any CPU
		{6E92B5FD-C0F9-4EC5-82E0-D84D2F7B51C9}.Debug|Any CPU.Build.0 = Debug|Any CPU
		{6E92B5FD-C0F9-4EC5-82E0-D84D2F7B51C9}.Release|Any CPU.ActiveCfg = Release|Any CPU
		{6E92B5FD-C0F9-4EC5-82E0-D84D2F7B51C9}.Release|Any CPU.Build.0 = Release|Any CPU
	EndGlobalSection
	GlobalSection(SolutionProperties) = preSolution
		HideSolutionNode = FALSE
	EndGlobalSection
EndGlobal
