
Microsoft Visual Studio Solution File, Format Version 10.00
# Visual Studio 2008
Project("{FAE04EC0-301F-11D3-BF4B-00C04F79EFBC}") = "ClearRecycle", "ClearRecycle\ClearRecycle.csproj", "{0B874A4C-56DC-471E-B272-6DD3BE8F3AFF}"
EndProject
Global
	GlobalSection(SolutionConfigurationPlatforms) = preSolution
		Debug|Any CPU = Debug|Any CPU
		Release|Any CPU = Release|Any CPU
	EndGlobalSection
	GlobalSection(ProjectConfigurationPlatforms) = postSolution
		{0B874A4C-56DC-471E-B272-6DD3BE8F3AFF}.Debug|Any CPU.ActiveCfg = Debug|Any CPU
		{0B874A4C-56DC-471E-B272-6DD3BE8F3AFF}.Debug|Any CPU.Build.0 = Debug|Any CPU
		{0B874A4C-56DC-471E-B272-6DD3BE8F3AFF}.Release|Any CPU.ActiveCfg = Release|Any CPU
		{0B874A4C-56DC-471E-B272-6DD3BE8F3AFF}.Release|Any CPU.Build.0 = Release|Any CPU
	EndGlobalSection
	GlobalSection(SolutionProperties) = preSolution
		HideSolutionNode = FALSE
	EndGlobalSection
EndGlobal
