
Microsoft Visual Studio Solution File, Format Version 11.00
# Visual Studio 2010
Project("{FAE04EC0-301F-11D3-BF4B-00C04F79EFBC}") = "TypeView", "TypeView\TypeView.csproj", "{BD4DB544-B7C3-49E7-83E8-2E3FBE2AB6DE}"
EndProject
Global
	GlobalSection(SolutionConfigurationPlatforms) = preSolution
		Debug|Any CPU = Debug|Any CPU
		Release|Any CPU = Release|Any CPU
	EndGlobalSection
	GlobalSection(ProjectConfigurationPlatforms) = postSolution
		{BD4DB544-B7C3-49E7-83E8-2E3FBE2AB6DE}.Debug|Any CPU.ActiveCfg = Debug|Any CPU
		{BD4DB544-B7C3-49E7-83E8-2E3FBE2AB6DE}.Debug|Any CPU.Build.0 = Debug|Any CPU
		{BD4DB544-B7C3-49E7-83E8-2E3FBE2AB6DE}.Release|Any CPU.ActiveCfg = Release|Any CPU
		{BD4DB544-B7C3-49E7-83E8-2E3FBE2AB6DE}.Release|Any CPU.Build.0 = Release|Any CPU
	EndGlobalSection
	GlobalSection(SolutionProperties) = preSolution
		HideSolutionNode = FALSE
	EndGlobalSection
EndGlobal
