
Microsoft Visual Studio Solution File, Format Version 10.00
# Visual Studio 2008
Project("{FAE04EC0-301F-11D3-BF4B-00C04F79EFBC}") = "UseFourFive", "UseFourFive\UseFourFive.csproj", "{8D196513-8450-4391-96C1-301C6C119931}"
EndProject
Global
	GlobalSection(SolutionConfigurationPlatforms) = preSolution
		Debug|Any CPU = Debug|Any CPU
		Release|Any CPU = Release|Any CPU
	EndGlobalSection
	GlobalSection(ProjectConfigurationPlatforms) = postSolution
		{8D196513-8450-4391-96C1-301C6C119931}.Debug|Any CPU.ActiveCfg = Debug|Any CPU
		{8D196513-8450-4391-96C1-301C6C119931}.Debug|Any CPU.Build.0 = Debug|Any CPU
		{8D196513-8450-4391-96C1-301C6C119931}.Release|Any CPU.ActiveCfg = Release|Any CPU
		{8D196513-8450-4391-96C1-301C6C119931}.Release|Any CPU.Build.0 = Release|Any CPU
	EndGlobalSection
	GlobalSection(SolutionProperties) = preSolution
		HideSolutionNode = FALSE
	EndGlobalSection
EndGlobal
