
Microsoft Visual Studio Solution File, Format Version 10.00
# Visual Studio 2008
Project("{FAE04EC0-301F-11D3-BF4B-00C04F79EFBC}") = "DynamicBindCrystalReport", "DBCrystalReport\DynamicBindCrystalReport.csproj", "{9FA5FE83-9C48-4F4A-AE73-6BC54C50EEB1}"
EndProject
Global
	GlobalSection(SolutionConfigurationPlatforms) = preSolution
		Debug|Any CPU = Debug|Any CPU
		Release|Any CPU = Release|Any CPU
	EndGlobalSection
	GlobalSection(ProjectConfigurationPlatforms) = postSolution
		{9FA5FE83-9C48-4F4A-AE73-6BC54C50EEB1}.Debug|Any CPU.ActiveCfg = Debug|Any CPU
		{9FA5FE83-9C48-4F4A-AE73-6BC54C50EEB1}.Debug|Any CPU.Build.0 = Debug|Any CPU
		{9FA5FE83-9C48-4F4A-AE73-6BC54C50EEB1}.Release|Any CPU.ActiveCfg = Release|Any CPU
		{9FA5FE83-9C48-4F4A-AE73-6BC54C50EEB1}.Release|Any CPU.Build.0 = Release|Any CPU
	EndGlobalSection
	GlobalSection(SolutionProperties) = preSolution
		HideSolutionNode = FALSE
	EndGlobalSection
EndGlobal
