
Microsoft Visual Studio Solution File, Format Version 12.00
# Visual Studio 11
Project("{FAE04EC0-301F-11D3-BF4B-00C04F79EFBC}") = "LiveShaping", "LiveShaping.csproj", "{D746275C-29E4-46A2-AF2B-69FBD3CE0931}"
EndProject
Global
	GlobalSection(SolutionConfigurationPlatforms) = preSolution
		Debug|Any CPU = Debug|Any CPU
		Release|Any CPU = Release|Any CPU
	EndGlobalSection
	GlobalSection(ProjectConfigurationPlatforms) = postSolution
		{D746275C-29E4-46A2-AF2B-69FBD3CE0931}.Debug|Any CPU.ActiveCfg = Debug|Any CPU
		{D746275C-29E4-46A2-AF2B-69FBD3CE0931}.Debug|Any CPU.Build.0 = Debug|Any CPU
		{D746275C-29E4-46A2-AF2B-69FBD3CE0931}.Release|Any CPU.ActiveCfg = Release|Any CPU
		{D746275C-29E4-46A2-AF2B-69FBD3CE0931}.Release|Any CPU.Build.0 = Release|Any CPU
	EndGlobalSection
	GlobalSection(SolutionProperties) = preSolution
		HideSolutionNode = FALSE
	EndGlobalSection
EndGlobal
