
Microsoft Visual Studio Solution File, Format Version 10.00
# Visual Studio 2008
Project("{FAE04EC0-301F-11D3-BF4B-00C04F79EFBC}") = "ReplaceStr", "ReplaceStr\ReplaceStr.csproj", "{213429B4-8795-45E9-BAF9-E6159E81B9CD}"
EndProject
Global
	GlobalSection(SolutionConfigurationPlatforms) = preSolution
		Debug|Any CPU = Debug|Any CPU
		Release|Any CPU = Release|Any CPU
	EndGlobalSection
	GlobalSection(ProjectConfigurationPlatforms) = postSolution
		{213429B4-8795-45E9-BAF9-E6159E81B9CD}.Debug|Any CPU.ActiveCfg = Debug|Any CPU
		{213429B4-8795-45E9-BAF9-E6159E81B9CD}.Debug|Any CPU.Build.0 = Debug|Any CPU
		{213429B4-8795-45E9-BAF9-E6159E81B9CD}.Release|Any CPU.ActiveCfg = Release|Any CPU
		{213429B4-8795-45E9-BAF9-E6159E81B9CD}.Release|Any CPU.Build.0 = Release|Any CPU
	EndGlobalSection
	GlobalSection(SolutionProperties) = preSolution
		HideSolutionNode = FALSE
	EndGlobalSection
EndGlobal
