
Microsoft Visual Studio Solution File, Format Version 10.00
# Visual Studio 2008
Project("{FAE04EC0-301F-11D3-BF4B-00C04F79EFBC}") = "CreateFile", "CreateFile\CreateFile.csproj", "{B8722EED-B795-4B9A-836C-C6E86E86131D}"
EndProject
Global
	GlobalSection(SolutionConfigurationPlatforms) = preSolution
		Debug|Any CPU = Debug|Any CPU
		Release|Any CPU = Release|Any CPU
	EndGlobalSection
	GlobalSection(ProjectConfigurationPlatforms) = postSolution
		{B8722EED-B795-4B9A-836C-C6E86E86131D}.Debug|Any CPU.ActiveCfg = Debug|Any CPU
		{B8722EED-B795-4B9A-836C-C6E86E86131D}.Debug|Any CPU.Build.0 = Debug|Any CPU
		{B8722EED-B795-4B9A-836C-C6E86E86131D}.Release|Any CPU.ActiveCfg = Release|Any CPU
		{B8722EED-B795-4B9A-836C-C6E86E86131D}.Release|Any CPU.Build.0 = Release|Any CPU
	EndGlobalSection
	GlobalSection(SolutionProperties) = preSolution
		HideSolutionNode = FALSE
	EndGlobalSection
EndGlobal
