
Microsoft Visual Studio Solution File, Format Version 10.00
# Visual Studio 2008
Project("{FAE04EC0-301F-11D3-BF4B-00C04F79EFBC}") = "DiffuseImage", "DiffuseImage\DiffuseImage.csproj", "{27364269-99C1-45D5-949D-7FE9955200FF}"
EndProject
Global
	GlobalSection(SolutionConfigurationPlatforms) = preSolution
		Debug|Any CPU = Debug|Any CPU
		Release|Any CPU = Release|Any CPU
	EndGlobalSection
	GlobalSection(ProjectConfigurationPlatforms) = postSolution
		{27364269-99C1-45D5-949D-7FE9955200FF}.Debug|Any CPU.ActiveCfg = Debug|Any CPU
		{27364269-99C1-45D5-949D-7FE9955200FF}.Debug|Any CPU.Build.0 = Debug|Any CPU
		{27364269-99C1-45D5-949D-7FE9955200FF}.Release|Any CPU.ActiveCfg = Release|Any CPU
		{27364269-99C1-45D5-949D-7FE9955200FF}.Release|Any CPU.Build.0 = Release|Any CPU
	EndGlobalSection
	GlobalSection(SolutionProperties) = preSolution
		HideSolutionNode = FALSE
	EndGlobalSection
EndGlobal
