
Microsoft Visual Studio Solution File, Format Version 10.00
# Visual Studio 2008
Project("{FAE04EC0-301F-11D3-BF4B-00C04F79EFBC}") = "ProcedureSelect", "ProcedureSelect\ProcedureSelect.csproj", "{CC25628C-17D5-4A2D-AB24-DC0DAAD2C614}"
EndProject
Global
	GlobalSection(SolutionConfigurationPlatforms) = preSolution
		Debug|Any CPU = Debug|Any CPU
		Release|Any CPU = Release|Any CPU
	EndGlobalSection
	GlobalSection(ProjectConfigurationPlatforms) = postSolution
		{CC25628C-17D5-4A2D-AB24-DC0DAAD2C614}.Debug|Any CPU.ActiveCfg = Debug|Any CPU
		{CC25628C-17D5-4A2D-AB24-DC0DAAD2C614}.Debug|Any CPU.Build.0 = Debug|Any CPU
		{CC25628C-17D5-4A2D-AB24-DC0DAAD2C614}.Release|Any CPU.ActiveCfg = Release|Any CPU
		{CC25628C-17D5-4A2D-AB24-DC0DAAD2C614}.Release|Any CPU.Build.0 = Release|Any CPU
	EndGlobalSection
	GlobalSection(SolutionProperties) = preSolution
		HideSolutionNode = FALSE
	EndGlobalSection
EndGlobal
