
Microsoft Visual Studio Solution File, Format Version 10.00
# Visual Studio 2008
Project("{FAE04EC0-301F-11D3-BF4B-00C04F79EFBC}") = "DisDataToExcel", "DisDataToExcel\DisDataToExcel.csproj", "{244B27ED-C30F-4073-9955-78B1024B3B7B}"
EndProject
Global
	GlobalSection(SolutionConfigurationPlatforms) = preSolution
		Debug|Any CPU = Debug|Any CPU
		Release|Any CPU = Release|Any CPU
	EndGlobalSection
	GlobalSection(ProjectConfigurationPlatforms) = postSolution
		{244B27ED-C30F-4073-9955-78B1024B3B7B}.Debug|Any CPU.ActiveCfg = Debug|Any CPU
		{244B27ED-C30F-4073-9955-78B1024B3B7B}.Debug|Any CPU.Build.0 = Debug|Any CPU
		{244B27ED-C30F-4073-9955-78B1024B3B7B}.Release|Any CPU.ActiveCfg = Release|Any CPU
		{244B27ED-C30F-4073-9955-78B1024B3B7B}.Release|Any CPU.Build.0 = Release|Any CPU
	EndGlobalSection
	GlobalSection(SolutionProperties) = preSolution
		HideSolutionNode = FALSE
	EndGlobalSection
EndGlobal
