
Microsoft Visual Studio Solution File, Format Version 10.00
# Visual Studio 2008
Project("{FAE04EC0-301F-11D3-BF4B-00C04F79EFBC}") = "TakeWhile", "TakeWhile\TakeWhile.csproj", "{1D17F97E-F00E-47CA-B9F2-AC82DD34E241}"
EndProject
Global
	GlobalSection(SolutionConfigurationPlatforms) = preSolution
		Debug|Any CPU = Debug|Any CPU
		Release|Any CPU = Release|Any CPU
	EndGlobalSection
	GlobalSection(ProjectConfigurationPlatforms) = postSolution
		{1D17F97E-F00E-47CA-B9F2-AC82DD34E241}.Debug|Any CPU.ActiveCfg = Debug|Any CPU
		{1D17F97E-F00E-47CA-B9F2-AC82DD34E241}.Debug|Any CPU.Build.0 = Debug|Any CPU
		{1D17F97E-F00E-47CA-B9F2-AC82DD34E241}.Release|Any CPU.ActiveCfg = Release|Any CPU
		{1D17F97E-F00E-47CA-B9F2-AC82DD34E241}.Release|Any CPU.Build.0 = Release|Any CPU
	EndGlobalSection
	GlobalSection(SolutionProperties) = preSolution
		HideSolutionNode = FALSE
	EndGlobalSection
EndGlobal
