
Microsoft Visual Studio Solution File, Format Version 10.00
# Visual Studio 2008
Project("{FAE04EC0-301F-11D3-BF4B-00C04F79EFBC}") = "BeautifulTextBox", "BeautifulTextBox\BeautifulTextBox.csproj", "{278925B9-6ED8-43FE-A276-967A0E5165A4}"
EndProject
Global
	GlobalSection(SolutionConfigurationPlatforms) = preSolution
		Debug|Any CPU = Debug|Any CPU
		Release|Any CPU = Release|Any CPU
	EndGlobalSection
	GlobalSection(ProjectConfigurationPlatforms) = postSolution
		{278925B9-6ED8-43FE-A276-967A0E5165A4}.Debug|Any CPU.ActiveCfg = Debug|Any CPU
		{278925B9-6ED8-43FE-A276-967A0E5165A4}.Debug|Any CPU.Build.0 = Debug|Any CPU
		{278925B9-6ED8-43FE-A276-967A0E5165A4}.Release|Any CPU.ActiveCfg = Release|Any CPU
		{278925B9-6ED8-43FE-A276-967A0E5165A4}.Release|Any CPU.Build.0 = Release|Any CPU
	EndGlobalSection
	GlobalSection(SolutionProperties) = preSolution
		HideSolutionNode = FALSE
	EndGlobalSection
EndGlobal
