
Microsoft Visual Studio Solution File, Format Version 10.00
# Visual Studio 2008
Project("{FAE04EC0-301F-11D3-BF4B-00C04F79EFBC}") = "OperateCollectionByLinq", "OperateCollectionByLinq\OperateCollectionByLinq.csproj", "{26A23419-9C63-481D-9BE4-9A6FC9FFD3F5}"
EndProject
Global
	GlobalSection(SolutionConfigurationPlatforms) = preSolution
		Debug|Any CPU = Debug|Any CPU
		Release|Any CPU = Release|Any CPU
	EndGlobalSection
	GlobalSection(ProjectConfigurationPlatforms) = postSolution
		{26A23419-9C63-481D-9BE4-9A6FC9FFD3F5}.Debug|Any CPU.ActiveCfg = Debug|Any CPU
		{26A23419-9C63-481D-9BE4-9A6FC9FFD3F5}.Debug|Any CPU.Build.0 = Debug|Any CPU
		{26A23419-9C63-481D-9BE4-9A6FC9FFD3F5}.Release|Any CPU.ActiveCfg = Release|Any CPU
		{26A23419-9C63-481D-9BE4-9A6FC9FFD3F5}.Release|Any CPU.Build.0 = Release|Any CPU
	EndGlobalSection
	GlobalSection(SolutionProperties) = preSolution
		HideSolutionNode = FALSE
	EndGlobalSection
EndGlobal
