
Microsoft Visual Studio Solution File, Format Version 10.00
# Visual Studio 2008
Project("{FAE04EC0-301F-11D3-BF4B-00C04F79EFBC}") = "PeopleSpeakByMState", "PeopleSpeakByMState\PeopleSpeakByMState.csproj", "{B6391606-3147-414D-BC59-002342D2DCEF}"
EndProject
Global
	GlobalSection(SolutionConfigurationPlatforms) = preSolution
		Debug|Any CPU = Debug|Any CPU
		Release|Any CPU = Release|Any CPU
	EndGlobalSection
	GlobalSection(ProjectConfigurationPlatforms) = postSolution
		{B6391606-3147-414D-BC59-002342D2DCEF}.Debug|Any CPU.ActiveCfg = Debug|Any CPU
		{B6391606-3147-414D-BC59-002342D2DCEF}.Debug|Any CPU.Build.0 = Debug|Any CPU
		{B6391606-3147-414D-BC59-002342D2DCEF}.Release|Any CPU.ActiveCfg = Release|Any CPU
		{B6391606-3147-414D-BC59-002342D2DCEF}.Release|Any CPU.Build.0 = Release|Any CPU
	EndGlobalSection
	GlobalSection(SolutionProperties) = preSolution
		HideSolutionNode = FALSE
	EndGlobalSection
EndGlobal
