
Microsoft Visual Studio Solution File, Format Version 10.00
# Visual Studio 2008
Project("{FAE04EC0-301F-11D3-BF4B-00C04F79EFBC}") = "BackupAndRestoreAccess", "BackupAndRestoreAccess\BackupAndRestoreAccess.csproj", "{ACB414FA-07BC-4FD5-AF88-765C4A1636AF}"
EndProject
Global
	GlobalSection(SolutionConfigurationPlatforms) = preSolution
		Debug|Any CPU = Debug|Any CPU
		Release|Any CPU = Release|Any CPU
	EndGlobalSection
	GlobalSection(ProjectConfigurationPlatforms) = postSolution
		{ACB414FA-07BC-4FD5-AF88-765C4A1636AF}.Debug|Any CPU.ActiveCfg = Debug|Any CPU
		{ACB414FA-07BC-4FD5-AF88-765C4A1636AF}.Debug|Any CPU.Build.0 = Debug|Any CPU
		{ACB414FA-07BC-4FD5-AF88-765C4A1636AF}.Release|Any CPU.ActiveCfg = Release|Any CPU
		{ACB414FA-07BC-4FD5-AF88-765C4A1636AF}.Release|Any CPU.Build.0 = Release|Any CPU
	EndGlobalSection
	GlobalSection(SolutionProperties) = preSolution
		HideSolutionNode = FALSE
	EndGlobalSection
EndGlobal
