
Microsoft Visual Studio Solution File, Format Version 10.00
# Visual Studio 2008
Project("{FAE04EC0-301F-11D3-BF4B-00C04F79EFBC}") = "HideTransaction", "HideTransaction\HideTransaction.csproj", "{974F1B40-7043-4D27-ACC5-E1C53C72A097}"
EndProject
Global
	GlobalSection(SolutionConfigurationPlatforms) = preSolution
		Debug|Any CPU = Debug|Any CPU
		Release|Any CPU = Release|Any CPU
	EndGlobalSection
	GlobalSection(ProjectConfigurationPlatforms) = postSolution
		{974F1B40-7043-4D27-ACC5-E1C53C72A097}.Debug|Any CPU.ActiveCfg = Debug|Any CPU
		{974F1B40-7043-4D27-ACC5-E1C53C72A097}.Debug|Any CPU.Build.0 = Debug|Any CPU
		{974F1B40-7043-4D27-ACC5-E1C53C72A097}.Release|Any CPU.ActiveCfg = Release|Any CPU
		{974F1B40-7043-4D27-ACC5-E1C53C72A097}.Release|Any CPU.Build.0 = Release|Any CPU
	EndGlobalSection
	GlobalSection(SolutionProperties) = preSolution
		HideSolutionNode = FALSE
	EndGlobalSection
EndGlobal
