
Microsoft Visual Studio Solution File, Format Version 10.00
# Visual Studio 2008
Project("{FAE04EC0-301F-11D3-BF4B-00C04F79EFBC}") = "EditXMLByLINQ", "EditXMLByLINQ\EditXMLByLINQ.csproj", "{768B88A8-7081-4685-97B7-CF93E1C76DBE}"
EndProject
Global
	GlobalSection(SolutionConfigurationPlatforms) = preSolution
		Debug|Any CPU = Debug|Any CPU
		Release|Any CPU = Release|Any CPU
	EndGlobalSection
	GlobalSection(ProjectConfigurationPlatforms) = postSolution
		{768B88A8-7081-4685-97B7-CF93E1C76DBE}.Debug|Any CPU.ActiveCfg = Debug|Any CPU
		{768B88A8-7081-4685-97B7-CF93E1C76DBE}.Debug|Any CPU.Build.0 = Debug|Any CPU
		{768B88A8-7081-4685-97B7-CF93E1C76DBE}.Release|Any CPU.ActiveCfg = Release|Any CPU
		{768B88A8-7081-4685-97B7-CF93E1C76DBE}.Release|Any CPU.Build.0 = Release|Any CPU
	EndGlobalSection
	GlobalSection(SolutionProperties) = preSolution
		HideSolutionNode = FALSE
	EndGlobalSection
EndGlobal
