
Microsoft Visual Studio Solution File, Format Version 10.00
# Visual Studio 2008
Project("{FAE04EC0-301F-11D3-BF4B-00C04F79EFBC}") = "GetDrivesType", "GetDrivesType\GetDrivesType.csproj", "{B7960164-5FB4-4057-9AD3-0A7F81D108C3}"
EndProject
Global
	GlobalSection(SolutionConfigurationPlatforms) = preSolution
		Debug|Any CPU = Debug|Any CPU
		Release|Any CPU = Release|Any CPU
	EndGlobalSection
	GlobalSection(ProjectConfigurationPlatforms) = postSolution
		{B7960164-5FB4-4057-9AD3-0A7F81D108C3}.Debug|Any CPU.ActiveCfg = Debug|Any CPU
		{B7960164-5FB4-4057-9AD3-0A7F81D108C3}.Debug|Any CPU.Build.0 = Debug|Any CPU
		{B7960164-5FB4-4057-9AD3-0A7F81D108C3}.Release|Any CPU.ActiveCfg = Release|Any CPU
		{B7960164-5FB4-4057-9AD3-0A7F81D108C3}.Release|Any CPU.Build.0 = Release|Any CPU
	EndGlobalSection
	GlobalSection(SolutionProperties) = preSolution
		HideSolutionNode = FALSE
	EndGlobalSection
EndGlobal
