
Microsoft Visual Studio Solution File, Format Version 10.00
# Visual Studio 2008
Project("{FAE04EC0-301F-11D3-BF4B-00C04F79EFBC}") = "UseDPolygon", "UseDPolygon\UseDPolygon.csproj", "{C25DB3AE-1E4D-4342-9F54-4EF7E4A2B259}"
EndProject
Global
	GlobalSection(SolutionConfigurationPlatforms) = preSolution
		Debug|Any CPU = Debug|Any CPU
		Release|Any CPU = Release|Any CPU
	EndGlobalSection
	GlobalSection(ProjectConfigurationPlatforms) = postSolution
		{C25DB3AE-1E4D-4342-9F54-4EF7E4A2B259}.Debug|Any CPU.ActiveCfg = Debug|Any CPU
		{C25DB3AE-1E4D-4342-9F54-4EF7E4A2B259}.Debug|Any CPU.Build.0 = Debug|Any CPU
		{C25DB3AE-1E4D-4342-9F54-4EF7E4A2B259}.Release|Any CPU.ActiveCfg = Release|Any CPU
		{C25DB3AE-1E4D-4342-9F54-4EF7E4A2B259}.Release|Any CPU.Build.0 = Release|Any CPU
	EndGlobalSection
	GlobalSection(SolutionProperties) = preSolution
		HideSolutionNode = FALSE
	EndGlobalSection
EndGlobal
