
Microsoft Visual Studio Solution File, Format Version 10.00
# Visual Studio 2008
Project("{FAE04EC0-301F-11D3-BF4B-00C04F79EFBC}") = "SetMouseShape", "SetMouseShape\SetMouseShape.csproj", "{BBA8A541-EC95-4C47-8B17-E59C40C347FA}"
EndProject
Global
	GlobalSection(SolutionConfigurationPlatforms) = preSolution
		Debug|Any CPU = Debug|Any CPU
		Release|Any CPU = Release|Any CPU
	EndGlobalSection
	GlobalSection(ProjectConfigurationPlatforms) = postSolution
		{BBA8A541-EC95-4C47-8B17-E59C40C347FA}.Debug|Any CPU.ActiveCfg = Debug|Any CPU
		{BBA8A541-EC95-4C47-8B17-E59C40C347FA}.Debug|Any CPU.Build.0 = Debug|Any CPU
		{BBA8A541-EC95-4C47-8B17-E59C40C347FA}.Release|Any CPU.ActiveCfg = Release|Any CPU
		{BBA8A541-EC95-4C47-8B17-E59C40C347FA}.Release|Any CPU.Build.0 = Release|Any CPU
	EndGlobalSection
	GlobalSection(SolutionProperties) = preSolution
		HideSolutionNode = FALSE
	EndGlobalSection
EndGlobal
