
Microsoft Visual Studio Solution File, Format Version 12.00
# Visual Studio 11
Project("{FAE04EC0-301F-11D3-BF4B-00C04F79EFBC}") = "Foundations", "Foundations\Foundations.csproj", "{A861E363-82CB-4AF6-978D-2576145B360F}"
EndProject
Project("{FAE04EC0-301F-11D3-BF4B-00C04F79EFBC}") = "ErrorHandling", "ErrorHandling\ErrorHandling.csproj", "{78CEDEC1-2DA4-45DF-A556-4E2377792C1D}"
EndProject
Project("{FAE04EC0-301F-11D3-BF4B-00C04F79EFBC}") = "AsyncPatterns", "AsyncPatterns\AsyncPatterns.csproj", "{4D1942A8-A920-4840-9730-37E2CEE50EE3}"
EndProject
Project("{FAE04EC0-301F-11D3-BF4B-00C04F79EFBC}") = "AsyncLib", "AsyncLib\AsyncLib.csproj", "{BDA83715-A3F1-4639-A887-386ADBE184B9}"
EndProject
Global
	GlobalSection(SolutionConfigurationPlatforms) = preSolution
		Debug|Any CPU = Debug|Any CPU
		Release|Any CPU = Release|Any CPU
	EndGlobalSection
	GlobalSection(ProjectConfigurationPlatforms) = postSolution
		{4D1942A8-A920-4840-9730-37E2CEE50EE3}.Debug|Any CPU.ActiveCfg = Debug|Any CPU
		{4D1942A8-A920-4840-9730-37E2CEE50EE3}.Debug|Any CPU.Build.0 = Debug|Any CPU
		{4D1942A8-A920-4840-9730-37E2CEE50EE3}.Release|Any CPU.ActiveCfg = Release|Any CPU
		{4D1942A8-A920-4840-9730-37E2CEE50EE3}.Release|Any CPU.Build.0 = Release|Any CPU
		{78CEDEC1-2DA4-45DF-A556-4E2377792C1D}.Debug|Any CPU.ActiveCfg = Debug|Any CPU
		{78CEDEC1-2DA4-45DF-A556-4E2377792C1D}.Debug|Any CPU.Build.0 = Debug|Any CPU
		{78CEDEC1-2DA4-45DF-A556-4E2377792C1D}.Release|Any CPU.ActiveCfg = Release|Any CPU
		{78CEDEC1-2DA4-45DF-A556-4E2377792C1D}.Release|Any CPU.Build.0 = Release|Any CPU
		{A861E363-82CB-4AF6-978D-2576145B360F}.Debug|Any CPU.ActiveCfg = Debug|Any CPU
		{A861E363-82CB-4AF6-978D-2576145B360F}.Debug|Any CPU.Build.0 = Debug|Any CPU
		{A861E363-82CB-4AF6-978D-2576145B360F}.Release|Any CPU.ActiveCfg = Release|Any CPU
		{A861E363-82CB-4AF6-978D-2576145B360F}.Release|Any CPU.Build.0 = Release|Any CPU
		{BDA83715-A3F1-4639-A887-386ADBE184B9}.Debug|Any CPU.ActiveCfg = Debug|Any CPU
		{BDA83715-A3F1-4639-A887-386ADBE184B9}.Debug|Any CPU.Build.0 = Debug|Any CPU
		{BDA83715-A3F1-4639-A887-386ADBE184B9}.Release|Any CPU.ActiveCfg = Release|Any CPU
		{BDA83715-A3F1-4639-A887-386ADBE184B9}.Release|Any CPU.Build.0 = Release|Any CPU
	EndGlobalSection
	GlobalSection(SolutionProperties) = preSolution
		HideSolutionNode = FALSE
	EndGlobalSection
EndGlobal
