
Microsoft Visual Studio Solution File, Format Version 10.00
# Visual Studio 2008
Project("{FAE04EC0-301F-11D3-BF4B-00C04F79EFBC}") = "EstablishAndExpunctionM3U", "EstablishAndExpunctionM3U\EstablishAndExpunctionM3U.csproj", "{C742178F-27D7-4309-BE6A-B05D8E20E9D6}"
EndProject
Global
	GlobalSection(SolutionConfigurationPlatforms) = preSolution
		Debug|Any CPU = Debug|Any CPU
		Release|Any CPU = Release|Any CPU
	EndGlobalSection
	GlobalSection(ProjectConfigurationPlatforms) = postSolution
		{C742178F-27D7-4309-BE6A-B05D8E20E9D6}.Debug|Any CPU.ActiveCfg = Debug|Any CPU
		{C742178F-27D7-4309-BE6A-B05D8E20E9D6}.Debug|Any CPU.Build.0 = Debug|Any CPU
		{C742178F-27D7-4309-BE6A-B05D8E20E9D6}.Release|Any CPU.ActiveCfg = Release|Any CPU
		{C742178F-27D7-4309-BE6A-B05D8E20E9D6}.Release|Any CPU.Build.0 = Release|Any CPU
	EndGlobalSection
	GlobalSection(SolutionProperties) = preSolution
		HideSolutionNode = FALSE
	EndGlobalSection
EndGlobal
