
Microsoft Visual Studio Solution File, Format Version 10.00
# Visual Studio 2008
Project("{FAE04EC0-301F-11D3-BF4B-00C04F79EFBC}") = "HundredChicken", "HundredChicken\HundredChicken.csproj", "{68447C83-2962-4EE9-8EA4-0EAC95875672}"
EndProject
Global
	GlobalSection(SolutionConfigurationPlatforms) = preSolution
		Debug|Any CPU = Debug|Any CPU
		Release|Any CPU = Release|Any CPU
	EndGlobalSection
	GlobalSection(ProjectConfigurationPlatforms) = postSolution
		{68447C83-2962-4EE9-8EA4-0EAC95875672}.Debug|Any CPU.ActiveCfg = Debug|Any CPU
		{68447C83-2962-4EE9-8EA4-0EAC95875672}.Debug|Any CPU.Build.0 = Debug|Any CPU
		{68447C83-2962-4EE9-8EA4-0EAC95875672}.Release|Any CPU.ActiveCfg = Release|Any CPU
		{68447C83-2962-4EE9-8EA4-0EAC95875672}.Release|Any CPU.Build.0 = Release|Any CPU
	EndGlobalSection
	GlobalSection(SolutionProperties) = preSolution
		HideSolutionNode = FALSE
	EndGlobalSection
EndGlobal
