
Microsoft Visual Studio Solution File, Format Version 10.00
# Visual Studio 2008
Project("{FAE04EC0-301F-11D3-BF4B-00C04F79EFBC}") = "DelProperty", "DelProperty\DelProperty.csproj", "{F21E4B01-43D7-40E1-9296-34BE948FC683}"
EndProject
Global
	GlobalSection(SolutionConfigurationPlatforms) = preSolution
		Debug|Any CPU = Debug|Any CPU
		Release|Any CPU = Release|Any CPU
	EndGlobalSection
	GlobalSection(ProjectConfigurationPlatforms) = postSolution
		{F21E4B01-43D7-40E1-9296-34BE948FC683}.Debug|Any CPU.ActiveCfg = Debug|Any CPU
		{F21E4B01-43D7-40E1-9296-34BE948FC683}.Debug|Any CPU.Build.0 = Debug|Any CPU
		{F21E4B01-43D7-40E1-9296-34BE948FC683}.Release|Any CPU.ActiveCfg = Release|Any CPU
		{F21E4B01-43D7-40E1-9296-34BE948FC683}.Release|Any CPU.Build.0 = Release|Any CPU
	EndGlobalSection
	GlobalSection(SolutionProperties) = preSolution
		HideSolutionNode = FALSE
	EndGlobalSection
EndGlobal
