
Microsoft Visual Studio Solution File, Format Version 10.00
# Visual Studio 2008
Project("{FAE04EC0-301F-11D3-BF4B-00C04F79EFBC}") = "UseView", "UseView\UseView.csproj", "{E28AB58D-39C8-43AF-908D-A00223D362F5}"
EndProject
Global
	GlobalSection(SolutionConfigurationPlatforms) = preSolution
		Debug|Any CPU = Debug|Any CPU
		Release|Any CPU = Release|Any CPU
	EndGlobalSection
	GlobalSection(ProjectConfigurationPlatforms) = postSolution
		{E28AB58D-39C8-43AF-908D-A00223D362F5}.Debug|Any CPU.ActiveCfg = Debug|Any CPU
		{E28AB58D-39C8-43AF-908D-A00223D362F5}.Debug|Any CPU.Build.0 = Debug|Any CPU
		{E28AB58D-39C8-43AF-908D-A00223D362F5}.Release|Any CPU.ActiveCfg = Release|Any CPU
		{E28AB58D-39C8-43AF-908D-A00223D362F5}.Release|Any CPU.Build.0 = Release|Any CPU
	EndGlobalSection
	GlobalSection(SolutionProperties) = preSolution
		HideSolutionNode = FALSE
	EndGlobalSection
EndGlobal
