
Microsoft Visual Studio Solution File, Format Version 10.00
# Visual Studio 2008
Project("{FAE04EC0-301F-11D3-BF4B-00C04F79EFBC}") = "SelectValue", "SelectValue\SelectValue.csproj", "{F7737037-E49E-4306-B6EB-BD4F827C839A}"
EndProject
Global
	GlobalSection(SolutionConfigurationPlatforms) = preSolution
		Debug|Any CPU = Debug|Any CPU
		Release|Any CPU = Release|Any CPU
	EndGlobalSection
	GlobalSection(ProjectConfigurationPlatforms) = postSolution
		{F7737037-E49E-4306-B6EB-BD4F827C839A}.Debug|Any CPU.ActiveCfg = Debug|Any CPU
		{F7737037-E49E-4306-B6EB-BD4F827C839A}.Debug|Any CPU.Build.0 = Debug|Any CPU
		{F7737037-E49E-4306-B6EB-BD4F827C839A}.Release|Any CPU.ActiveCfg = Release|Any CPU
		{F7737037-E49E-4306-B6EB-BD4F827C839A}.Release|Any CPU.Build.0 = Release|Any CPU
	EndGlobalSection
	GlobalSection(SolutionProperties) = preSolution
		HideSolutionNode = FALSE
	EndGlobalSection
EndGlobal
