
Microsoft Visual Studio Solution File, Format Version 10.00
# Visual Studio 2008
Project("{FAE04EC0-301F-11D3-BF4B-00C04F79EFBC}") = "UseUnderLine", "UseUnderLine\UseUnderLine.csproj", "{009D7C50-2231-433A-9D49-EF90583260AB}"
EndProject
Global
	GlobalSection(SolutionConfigurationPlatforms) = preSolution
		Debug|Any CPU = Debug|Any CPU
		Release|Any CPU = Release|Any CPU
	EndGlobalSection
	GlobalSection(ProjectConfigurationPlatforms) = postSolution
		{009D7C50-2231-433A-9D49-EF90583260AB}.Debug|Any CPU.ActiveCfg = Debug|Any CPU
		{009D7C50-2231-433A-9D49-EF90583260AB}.Debug|Any CPU.Build.0 = Debug|Any CPU
		{009D7C50-2231-433A-9D49-EF90583260AB}.Release|Any CPU.ActiveCfg = Release|Any CPU
		{009D7C50-2231-433A-9D49-EF90583260AB}.Release|Any CPU.Build.0 = Release|Any CPU
	EndGlobalSection
	GlobalSection(SolutionProperties) = preSolution
		HideSolutionNode = FALSE
	EndGlobalSection
EndGlobal
