
Microsoft Visual Studio Solution File, Format Version 11.00
# Visual Studio 2010
Project("{FAE04EC0-301F-11D3-BF4B-00C04F79EFBC}") = "ReadingFiles", "ReadingFiles\ReadingFiles.csproj", "{00E449BE-7B7E-4258-B74B-DC57454BFB54}"
EndProject
Global
	GlobalSection(SolutionConfigurationPlatforms) = preSolution
		Debug|Any CPU = Debug|Any CPU
		Release|Any CPU = Release|Any CPU
	EndGlobalSection
	GlobalSection(ProjectConfigurationPlatforms) = postSolution
		{00E449BE-7B7E-4258-B74B-DC57454BFB54}.Debug|Any CPU.ActiveCfg = Debug|Any CPU
		{00E449BE-7B7E-4258-B74B-DC57454BFB54}.Debug|Any CPU.Build.0 = Debug|Any CPU
		{00E449BE-7B7E-4258-B74B-DC57454BFB54}.Release|Any CPU.ActiveCfg = Release|Any CPU
		{00E449BE-7B7E-4258-B74B-DC57454BFB54}.Release|Any CPU.Build.0 = Release|Any CPU
	EndGlobalSection
	GlobalSection(SolutionProperties) = preSolution
		HideSolutionNode = FALSE
	EndGlobalSection
EndGlobal
