
Microsoft Visual Studio Solution File, Format Version 10.00
# Visual Studio 2008
Project("{FAE04EC0-301F-11D3-BF4B-00C04F79EFBC}") = "FontForm", "FontForm.csproj", "{A3C6D0FB-946B-48B5-A1CD-B8183927FFDB}"
EndProject
Global
	GlobalSection(SolutionConfigurationPlatforms) = preSolution
		Debug|Any CPU = Debug|Any CPU
		Release|Any CPU = Release|Any CPU
	EndGlobalSection
	GlobalSection(ProjectConfigurationPlatforms) = postSolution
		{A3C6D0FB-946B-48B5-A1CD-B8183927FFDB}.Debug|Any CPU.ActiveCfg = Debug|Any CPU
		{A3C6D0FB-946B-48B5-A1CD-B8183927FFDB}.Debug|Any CPU.Build.0 = Debug|Any CPU
		{A3C6D0FB-946B-48B5-A1CD-B8183927FFDB}.Release|Any CPU.ActiveCfg = Release|Any CPU
		{A3C6D0FB-946B-48B5-A1CD-B8183927FFDB}.Release|Any CPU.Build.0 = Release|Any CPU
	EndGlobalSection
	GlobalSection(SolutionProperties) = preSolution
		HideSolutionNode = FALSE
	EndGlobalSection
EndGlobal
