
Microsoft Visual Studio Solution File, Format Version 10.00
# Visual Studio 2008
Project("{FAE04EC0-301F-11D3-BF4B-00C04F79EFBC}") = "DisplayRTFFile", "DisplayRTFFile\DisplayRTFFile.csproj", "{9D9C21C6-F678-4992-B20E-FB725432FC2B}"
EndProject
Global
	GlobalSection(SolutionConfigurationPlatforms) = preSolution
		Debug|Any CPU = Debug|Any CPU
		Release|Any CPU = Release|Any CPU
	EndGlobalSection
	GlobalSection(ProjectConfigurationPlatforms) = postSolution
		{9D9C21C6-F678-4992-B20E-FB725432FC2B}.Debug|Any CPU.ActiveCfg = Debug|Any CPU
		{9D9C21C6-F678-4992-B20E-FB725432FC2B}.Debug|Any CPU.Build.0 = Debug|Any CPU
		{9D9C21C6-F678-4992-B20E-FB725432FC2B}.Release|Any CPU.ActiveCfg = Release|Any CPU
		{9D9C21C6-F678-4992-B20E-FB725432FC2B}.Release|Any CPU.Build.0 = Release|Any CPU
	EndGlobalSection
	GlobalSection(SolutionProperties) = preSolution
		HideSolutionNode = FALSE
	EndGlobalSection
EndGlobal
