
Microsoft Visual Studio Solution File, Format Version 10.00
# Visual Studio 2008
Project("{FAE04EC0-301F-11D3-BF4B-00C04F79EFBC}") = "AccessToWord", "AccessToWord\AccessToWord.csproj", "{194CEB71-C4C0-4641-9931-341D028E1DBA}"
EndProject
Global
	GlobalSection(SolutionConfigurationPlatforms) = preSolution
		Debug|Any CPU = Debug|Any CPU
		Release|Any CPU = Release|Any CPU
	EndGlobalSection
	GlobalSection(ProjectConfigurationPlatforms) = postSolution
		{194CEB71-C4C0-4641-9931-341D028E1DBA}.Debug|Any CPU.ActiveCfg = Debug|Any CPU
		{194CEB71-C4C0-4641-9931-341D028E1DBA}.Debug|Any CPU.Build.0 = Debug|Any CPU
		{194CEB71-C4C0-4641-9931-341D028E1DBA}.Release|Any CPU.ActiveCfg = Release|Any CPU
		{194CEB71-C4C0-4641-9931-341D028E1DBA}.Release|Any CPU.Build.0 = Release|Any CPU
	EndGlobalSection
	GlobalSection(SolutionProperties) = preSolution
		HideSolutionNode = FALSE
	EndGlobalSection
EndGlobal
