
Microsoft Visual Studio Solution File, Format Version 10.00
# Visual Studio 2008
Project("{FAE04EC0-301F-11D3-BF4B-00C04F79EFBC}") = "KeyToParameter", "KeyToParameter\KeyToParameter.csproj", "{2108E8DA-89F6-4A2A-AB95-42E5392D602B}"
EndProject
Global
	GlobalSection(SolutionConfigurationPlatforms) = preSolution
		Debug|Any CPU = Debug|Any CPU
		Release|Any CPU = Release|Any CPU
	EndGlobalSection
	GlobalSection(ProjectConfigurationPlatforms) = postSolution
		{2108E8DA-89F6-4A2A-AB95-42E5392D602B}.Debug|Any CPU.ActiveCfg = Debug|Any CPU
		{2108E8DA-89F6-4A2A-AB95-42E5392D602B}.Debug|Any CPU.Build.0 = Debug|Any CPU
		{2108E8DA-89F6-4A2A-AB95-42E5392D602B}.Release|Any CPU.ActiveCfg = Release|Any CPU
		{2108E8DA-89F6-4A2A-AB95-42E5392D602B}.Release|Any CPU.Build.0 = Release|Any CPU
	EndGlobalSection
	GlobalSection(SolutionProperties) = preSolution
		HideSolutionNode = FALSE
	EndGlobalSection
EndGlobal
