
Microsoft Visual Studio Solution File, Format Version 10.00
# Visual Studio 2008
Project("{FAE04EC0-301F-11D3-BF4B-00C04F79EFBC}") = "ComplexControl", "ComplexControl\ComplexControl.csproj", "{62400EA8-F9A6-4C48-BD7D-4D7182D9CE05}"
EndProject
Global
	GlobalSection(SolutionConfigurationPlatforms) = preSolution
		Debug|Any CPU = Debug|Any CPU
		Release|Any CPU = Release|Any CPU
	EndGlobalSection
	GlobalSection(ProjectConfigurationPlatforms) = postSolution
		{62400EA8-F9A6-4C48-BD7D-4D7182D9CE05}.Debug|Any CPU.ActiveCfg = Debug|Any CPU
		{62400EA8-F9A6-4C48-BD7D-4D7182D9CE05}.Debug|Any CPU.Build.0 = Debug|Any CPU
		{62400EA8-F9A6-4C48-BD7D-4D7182D9CE05}.Release|Any CPU.ActiveCfg = Release|Any CPU
		{62400EA8-F9A6-4C48-BD7D-4D7182D9CE05}.Release|Any CPU.Build.0 = Release|Any CPU
	EndGlobalSection
	GlobalSection(SolutionProperties) = preSolution
		HideSolutionNode = FALSE
	EndGlobalSection
EndGlobal
