
Microsoft Visual Studio Solution File, Format Version 10.00
# Visual Studio 2008
Project("{FAE04EC0-301F-11D3-BF4B-00C04F79EFBC}") = "AsynchronismLoadPlayVoice", "AsynchronismLoadPlayVoice\AsynchronismLoadPlayVoice.csproj", "{37FBB9A8-AFEB-4859-B30C-43CBB717D725}"
EndProject
Global
	GlobalSection(SolutionConfigurationPlatforms) = preSolution
		Debug|Any CPU = Debug|Any CPU
		Release|Any CPU = Release|Any CPU
	EndGlobalSection
	GlobalSection(ProjectConfigurationPlatforms) = postSolution
		{37FBB9A8-AFEB-4859-B30C-43CBB717D725}.Debug|Any CPU.ActiveCfg = Debug|Any CPU
		{37FBB9A8-AFEB-4859-B30C-43CBB717D725}.Debug|Any CPU.Build.0 = Debug|Any CPU
		{37FBB9A8-AFEB-4859-B30C-43CBB717D725}.Release|Any CPU.ActiveCfg = Release|Any CPU
		{37FBB9A8-AFEB-4859-B30C-43CBB717D725}.Release|Any CPU.Build.0 = Release|Any CPU
	EndGlobalSection
	GlobalSection(SolutionProperties) = preSolution
		HideSolutionNode = FALSE
	EndGlobalSection
EndGlobal
