
Microsoft Visual Studio Solution File, Format Version 10.00
# Visual Studio 2008
Project("{FAE04EC0-301F-11D3-BF4B-00C04F79EFBC}") = "ExecEXEFile", "ExecEXEFile\ExecEXEFile.csproj", "{B28EE6D8-6AB6-4791-A0C3-442650A20DCA}"
EndProject
Global
	GlobalSection(SolutionConfigurationPlatforms) = preSolution
		Debug|Any CPU = Debug|Any CPU
		Release|Any CPU = Release|Any CPU
	EndGlobalSection
	GlobalSection(ProjectConfigurationPlatforms) = postSolution
		{B28EE6D8-6AB6-4791-A0C3-442650A20DCA}.Debug|Any CPU.ActiveCfg = Debug|Any CPU
		{B28EE6D8-6AB6-4791-A0C3-442650A20DCA}.Debug|Any CPU.Build.0 = Debug|Any CPU
		{B28EE6D8-6AB6-4791-A0C3-442650A20DCA}.Release|Any CPU.ActiveCfg = Release|Any CPU
		{B28EE6D8-6AB6-4791-A0C3-442650A20DCA}.Release|Any CPU.Build.0 = Release|Any CPU
	EndGlobalSection
	GlobalSection(SolutionProperties) = preSolution
		HideSolutionNode = FALSE
	EndGlobalSection
EndGlobal
