
Microsoft Visual Studio Solution File, Format Version 10.00
# Visual Studio 2008
Project("{FAE04EC0-301F-11D3-BF4B-00C04F79EFBC}") = "IncrementSquare", "IncrementSquare\IncrementSquare.csproj", "{C6C3AF89-C355-418F-BE9B-F0AB1FB086B0}"
EndProject
Global
	GlobalSection(SolutionConfigurationPlatforms) = preSolution
		Debug|Any CPU = Debug|Any CPU
		Release|Any CPU = Release|Any CPU
	EndGlobalSection
	GlobalSection(ProjectConfigurationPlatforms) = postSolution
		{C6C3AF89-C355-418F-BE9B-F0AB1FB086B0}.Debug|Any CPU.ActiveCfg = Debug|Any CPU
		{C6C3AF89-C355-418F-BE9B-F0AB1FB086B0}.Debug|Any CPU.Build.0 = Debug|Any CPU
		{C6C3AF89-C355-418F-BE9B-F0AB1FB086B0}.Release|Any CPU.ActiveCfg = Release|Any CPU
		{C6C3AF89-C355-418F-BE9B-F0AB1FB086B0}.Release|Any CPU.Build.0 = Release|Any CPU
	EndGlobalSection
	GlobalSection(SolutionProperties) = preSolution
		HideSolutionNode = FALSE
	EndGlobalSection
EndGlobal
