
Microsoft Visual Studio Solution File, Format Version 12.00
# Visual Studio 2013
VisualStudioVersion = 12.0.20827.3
MinimumVisualStudioVersion = 10.0.40219.1
Project("{FAE04EC0-301F-11D3-BF4B-00C04F79EFBC}") = "NumberAndDateFormatting", "NumberAndDateFormatting\NumberAndDateFormatting.csproj", "{C3D33556-B89E-4789-B781-00ED66D38F30}"
EndProject
Project("{FAE04EC0-301F-11D3-BF4B-00C04F79EFBC}") = "CultureDemo", "CultureDemo\CultureDemo.csproj", "{7F2FE702-FA1C-4CF0-A66F-77199B0F4CE6}"
EndProject
Project("{FAE04EC0-301F-11D3-BF4B-00C04F79EFBC}") = "SortingDemo", "SortingDemo\SortingDemo.csproj", "{93303C0F-263E-42FA-ADC6-456325D913A1}"
EndProject
Project("{FAE04EC0-301F-11D3-BF4B-00C04F79EFBC}") = "CreateResource", "CreateResource\CreateResource.csproj", "{38ABFA27-E1DB-44D3-8BD6-EB37401C004A}"
EndProject
Project("{FAE04EC0-301F-11D3-BF4B-00C04F79EFBC}") = "ResourceDemo", "ResourceDemo\ResourceDemo.csproj", "{647A3D40-DC99-4A5E-A35E-5059343701FC}"
EndProject
Project("{FAE04EC0-301F-11D3-BF4B-00C04F79EFBC}") = "BookOfTheDay", "BookOfTheDay\BookOfTheDay.csproj", "{5247301D-5E5D-48A8-AA5F-14F870452A93}"
EndProject
Project("{FAE04EC0-301F-11D3-BF4B-00C04F79EFBC}") = "CustomCultures", "CustomCultures\CustomCultures.csproj", "{84E3521D-99D8-4757-B335-BD9BCAC4A974}"
EndProject
Project("{FAE04EC0-301F-11D3-BF4B-00C04F79EFBC}") = "DatabaseResourceReader", "DatabaseResourceReader\DatabaseResourceReader.csproj", "{CB3E9051-F9B9-4764-B27C-78195FE4AC4D}"
EndProject
Project("{FAE04EC0-301F-11D3-BF4B-00C04F79EFBC}") = "DatabaseResourceReaderClient", "DatabaseResourceReaderClient\DatabaseResourceReaderClient.csproj", "{DFACCDFD-2516-469C-835C-F29C5E67F6FA}"
EndProject
Project("{FAE04EC0-301F-11D3-BF4B-00C04F79EFBC}") = "WPFApplicationUsingResources", "WPFApplicationUsingResources\WPFApplicationUsingResources.csproj", "{21C9EBE7-08EE-43A7-B2DD-0DC64335713D}"
EndProject
Project("{FAE04EC0-301F-11D3-BF4B-00C04F79EFBC}") = "WPFApplicationUsingXAMLDictionaries", "WPFApplicationUsingXAMLDictionaries\WPFApplicationUsingXAMLDictionaries.csproj", "{85FABFD0-C8C1-48E0-95DA-28F6A7B2A97A}"
EndProject
Project("{FAE04EC0-301F-11D3-BF4B-00C04F79EFBC}") = "WebApp", "WebApp\WebApp.csproj", "{32305FC5-23AB-4B96-9FC4-C6F49D60CA26}"
EndProject
Project("{FAE04EC0-301F-11D3-BF4B-00C04F79EFBC}") = "WinStoreApp", "WinStoreApp\WinStoreApp.csproj", "{C33957C8-9E15-490D-BD41-C8D1BA1D98D5}"
EndProject
Global
	GlobalSection(SolutionConfigurationPlatforms) = preSolution
		dddd|Any CPU = dddd|Any CPU
		dddd|ARM = dddd|ARM
		dddd|Mixed Platforms = dddd|Mixed Platforms
		dddd|x64 = dddd|x64
		dddd|x86 = dddd|x86
		Debug|Any CPU = Debug|Any CPU
		Debug|ARM = Debug|ARM
		Debug|Mixed Platforms = Debug|Mixed Platforms
		Debug|x64 = Debug|x64
		Debug|x86 = Debug|x86
		Release|Any CPU = Release|Any CPU
		Release|ARM = Release|ARM
		Release|Mixed Platforms = Release|Mixed Platforms
		Release|x64 = Release|x64
		Release|x86 = Release|x86
	EndGlobalSection
	GlobalSection(ProjectConfigurationPlatforms) = postSolution
		{C3D33556-B89E-4789-B781-00ED66D38F30}.dddd|Any CPU.ActiveCfg = Debug|x86
		{C3D33556-B89E-4789-B781-00ED66D38F30}.dddd|ARM.ActiveCfg = Debug|x86
		{C3D33556-B89E-4789-B781-00ED66D38F30}.dddd|Mixed Platforms.ActiveCfg = Debug|x86
		{C3D33556-B89E-4789-B781-00ED66D38F30}.dddd|Mixed Platforms.Build.0 = Debug|x86
		{C3D33556-B89E-4789-B781-00ED66D38F30}.dddd|x64.ActiveCfg = Debug|x86
		{C3D33556-B89E-4789-B781-00ED66D38F30}.dddd|x86.ActiveCfg = Debug|x86
		{C3D33556-B89E-4789-B781-00ED66D38F30}.dddd|x86.Build.0 = Debug|x86
		{C3D33556-B89E-4789-B781-00ED66D38F30}.Debug|Any CPU.ActiveCfg = Debug|x86
		{C3D33556-B89E-4789-B781-00ED66D38F30}.Debug|ARM.ActiveCfg = Debug|x86
		{C3D33556-B89E-4789-B781-00ED66D38F30}.Debug|Mixed Platforms.ActiveCfg = Debug|x86
		{C3D33556-B89E-4789-B781-00ED66D38F30}.Debug|Mixed Platforms.Build.0 = Debug|x86
		{C3D33556-B89E-4789-B781-00ED66D38F30}.Debug|x64.ActiveCfg = Debug|x86
		{C3D33556-B89E-4789-B781-00ED66D38F30}.Debug|x86.ActiveCfg = Debug|x86
		{C3D33556-B89E-4789-B781-00ED66D38F30}.Debug|x86.Build.0 = Debug|x86
		{C3D33556-B89E-4789-B781-00ED66D38F30}.Release|Any CPU.ActiveCfg = Release|x86
		{C3D33556-B89E-4789-B781-00ED66D38F30}.Release|ARM.ActiveCfg = Release|x86
		{C3D33556-B89E-4789-B781-00ED66D38F30}.Release|Mixed Platforms.ActiveCfg = Release|x86
		{C3D33556-B89E-4789-B781-00ED66D38F30}.Release|Mixed Platforms.Build.0 = Release|x86
		{C3D33556-B89E-4789-B781-00ED66D38F30}.Release|x64.ActiveCfg = Release|x86
		{C3D33556-B89E-4789-B781-00ED66D38F30}.Release|x86.ActiveCfg = Release|x86
		{C3D33556-B89E-4789-B781-00ED66D38F30}.Release|x86.Build.0 = Release|x86
		{7F2FE702-FA1C-4CF0-A66F-77199B0F4CE6}.dddd|Any CPU.ActiveCfg = Debug|x86
		{7F2FE702-FA1C-4CF0-A66F-77199B0F4CE6}.dddd|ARM.ActiveCfg = Debug|x86
		{7F2FE702-FA1C-4CF0-A66F-77199B0F4CE6}.dddd|Mixed Platforms.ActiveCfg = Debug|x86
		{7F2FE702-FA1C-4CF0-A66F-77199B0F4CE6}.dddd|Mixed Platforms.Build.0 = Debug|x86
		{7F2FE702-FA1C-4CF0-A66F-77199B0F4CE6}.dddd|x64.ActiveCfg = Debug|x86
		{7F2FE702-FA1C-4CF0-A66F-77199B0F4CE6}.dddd|x86.ActiveCfg = Debug|x86
		{7F2FE702-FA1C-4CF0-A66F-77199B0F4CE6}.dddd|x86.Build.0 = Debug|x86
		{7F2FE702-FA1C-4CF0-A66F-77199B0F4CE6}.Debug|Any CPU.ActiveCfg = Debug|x86
		{7F2FE702-FA1C-4CF0-A66F-77199B0F4CE6}.Debug|ARM.ActiveCfg = Debug|x86
		{7F2FE702-FA1C-4CF0-A66F-77199B0F4CE6}.Debug|Mixed Platforms.ActiveCfg = Debug|x86
		{7F2FE702-FA1C-4CF0-A66F-77199B0F4CE6}.Debug|Mixed Platforms.Build.0 = Debug|x86
		{7F2FE702-FA1C-4CF0-A66F-77199B0F4CE6}.Debug|x64.ActiveCfg = Debug|x86
		{7F2FE702-FA1C-4CF0-A66F-77199B0F4CE6}.Debug|x86.ActiveCfg = Debug|x86
		{7F2FE702-FA1C-4CF0-A66F-77199B0F4CE6}.Debug|x86.Build.0 = Debug|x86
		{7F2FE702-FA1C-4CF0-A66F-77199B0F4CE6}.Release|Any CPU.ActiveCfg = Release|x86
		{7F2FE702-FA1C-4CF0-A66F-77199B0F4CE6}.Release|ARM.ActiveCfg = Release|x86
		{7F2FE702-FA1C-4CF0-A66F-77199B0F4CE6}.Release|Mixed Platforms.ActiveCfg = Release|x86
		{7F2FE702-FA1C-4CF0-A66F-77199B0F4CE6}.Release|Mixed Platforms.Build.0 = Release|x86
		{7F2FE702-FA1C-4CF0-A66F-77199B0F4CE6}.Release|x64.ActiveCfg = Release|x86
		{7F2FE702-FA1C-4CF0-A66F-77199B0F4CE6}.Release|x86.ActiveCfg = Release|x86
		{7F2FE702-FA1C-4CF0-A66F-77199B0F4CE6}.Release|x86.Build.0 = Release|x86
		{93303C0F-263E-42FA-ADC6-456325D913A1}.dddd|Any CPU.ActiveCfg = Debug|x86
		{93303C0F-263E-42FA-ADC6-456325D913A1}.dddd|ARM.ActiveCfg = Debug|x86
		{93303C0F-263E-42FA-ADC6-456325D913A1}.dddd|Mixed Platforms.ActiveCfg = Debug|x86
		{93303C0F-263E-42FA-ADC6-456325D913A1}.dddd|Mixed Platforms.Build.0 = Debug|x86
		{93303C0F-263E-42FA-ADC6-456325D913A1}.dddd|x64.ActiveCfg = Debug|x86
		{93303C0F-263E-42FA-ADC6-456325D913A1}.dddd|x86.ActiveCfg = Debug|x86
		{93303C0F-263E-42FA-ADC6-456325D913A1}.dddd|x86.Build.0 = Debug|x86
		{93303C0F-263E-42FA-ADC6-456325D913A1}.Debug|Any CPU.ActiveCfg = Debug|x86
		{93303C0F-263E-42FA-ADC6-456325D913A1}.Debug|ARM.ActiveCfg = Debug|x86
		{93303C0F-263E-42FA-ADC6-456325D913A1}.Debug|Mixed Platforms.ActiveCfg = Debug|x86
		{93303C0F-263E-42FA-ADC6-456325D913A1}.Debug|Mixed Platforms.Build.0 = Debug|x86
		{93303C0F-263E-42FA-ADC6-456325D913A1}.Debug|x64.ActiveCfg = Debug|x86
		{93303C0F-263E-42FA-ADC6-456325D913A1}.Debug|x86.ActiveCfg = Debug|x86
		{93303C0F-263E-42FA-ADC6-456325D913A1}.Debug|x86.Build.0 = Debug|x86
		{93303C0F-263E-42FA-ADC6-456325D913A1}.Release|Any CPU.ActiveCfg = Release|x86
		{93303C0F-263E-42FA-ADC6-456325D913A1}.Release|ARM.ActiveCfg = Release|x86
		{93303C0F-263E-42FA-ADC6-456325D913A1}.Release|Mixed Platforms.ActiveCfg = Release|x86
		{93303C0F-263E-42FA-ADC6-456325D913A1}.Release|Mixed Platforms.Build.0 = Release|x86
		{93303C0F-263E-42FA-ADC6-456325D913A1}.Release|x64.ActiveCfg = Release|x86
		{93303C0F-263E-42FA-ADC6-456325D913A1}.Release|x86.ActiveCfg = Release|x86
		{93303C0F-263E-42FA-ADC6-456325D913A1}.Release|x86.Build.0 = Release|x86
		{38ABFA27-E1DB-44D3-8BD6-EB37401C004A}.dddd|Any CPU.ActiveCfg = Debug|x86
		{38ABFA27-E1DB-44D3-8BD6-EB37401C004A}.dddd|ARM.ActiveCfg = Debug|x86
		{38ABFA27-E1DB-44D3-8BD6-EB37401C004A}.dddd|Mixed Platforms.ActiveCfg = Debug|x86
		{38ABFA27-E1DB-44D3-8BD6-EB37401C004A}.dddd|Mixed Platforms.Build.0 = Debug|x86
		{38ABFA27-E1DB-44D3-8BD6-EB37401C004A}.dddd|x64.ActiveCfg = Debug|x86
		{38ABFA27-E1DB-44D3-8BD6-EB37401C004A}.dddd|x86.ActiveCfg = Debug|x86
		{38ABFA27-E1DB-44D3-8BD6-EB37401C004A}.dddd|x86.Build.0 = Debug|x86
		{38ABFA27-E1DB-44D3-8BD6-EB37401C004A}.Debug|Any CPU.ActiveCfg = Debug|x86
		{38ABFA27-E1DB-44D3-8BD6-EB37401C004A}.Debug|ARM.ActiveCfg = Debug|x86
		{38ABFA27-E1DB-44D3-8BD6-EB37401C004A}.Debug|Mixed Platforms.ActiveCfg = Debug|x86
		{38ABFA27-E1DB-44D3-8BD6-EB37401C004A}.Debug|Mixed Platforms.Build.0 = Debug|x86
		{38ABFA27-E1DB-44D3-8BD6-EB37401C004A}.Debug|x64.ActiveCfg = Debug|x86
		{38ABFA27-E1DB-44D3-8BD6-EB37401C004A}.Debug|x86.ActiveCfg = Debug|x86
		{38ABFA27-E1DB-44D3-8BD6-EB37401C004A}.Debug|x86.Build.0 = Debug|x86
		{38ABFA27-E1DB-44D3-8BD6-EB37401C004A}.Release|Any CPU.ActiveCfg = Release|x86
		{38ABFA27-E1DB-44D3-8BD6-EB37401C004A}.Release|ARM.ActiveCfg = Release|x86
		{38ABFA27-E1DB-44D3-8BD6-EB37401C004A}.Release|Mixed Platforms.ActiveCfg = Release|x86
		{38ABFA27-E1DB-44D3-8BD6-EB37401C004A}.Release|Mixed Platforms.Build.0 = Release|x86
		{38ABFA27-E1DB-44D3-8BD6-EB37401C004A}.Release|x64.ActiveCfg = Release|x86
		{38ABFA27-E1DB-44D3-8BD6-EB37401C004A}.Release|x86.ActiveCfg = Release|x86
		{38ABFA27-E1DB-44D3-8BD6-EB37401C004A}.Release|x86.Build.0 = Release|x86
		{647A3D40-DC99-4A5E-A35E-5059343701FC}.dddd|Any CPU.ActiveCfg = Debug|x86
		{647A3D40-DC99-4A5E-A35E-5059343701FC}.dddd|ARM.ActiveCfg = Debug|x86
		{647A3D40-DC99-4A5E-A35E-5059343701FC}.dddd|Mixed Platforms.ActiveCfg = Debug|x86
		{647A3D40-DC99-4A5E-A35E-5059343701FC}.dddd|Mixed Platforms.Build.0 = Debug|x86
		{647A3D40-DC99-4A5E-A35E-5059343701FC}.dddd|x64.ActiveCfg = Debug|x86
		{647A3D40-DC99-4A5E-A35E-5059343701FC}.dddd|x86.ActiveCfg = Debug|x86
		{647A3D40-DC99-4A5E-A35E-5059343701FC}.dddd|x86.Build.0 = Debug|x86
		{647A3D40-DC99-4A5E-A35E-5059343701FC}.Debug|Any CPU.ActiveCfg = Debug|x86
		{647A3D40-DC99-4A5E-A35E-5059343701FC}.Debug|ARM.ActiveCfg = Debug|x86
		{647A3D40-DC99-4A5E-A35E-5059343701FC}.Debug|Mixed Platforms.ActiveCfg = Debug|x86
		{647A3D40-DC99-4A5E-A35E-5059343701FC}.Debug|Mixed Platforms.Build.0 = Debug|x86
		{647A3D40-DC99-4A5E-A35E-5059343701FC}.Debug|x64.ActiveCfg = Debug|x86
		{647A3D40-DC99-4A5E-A35E-5059343701FC}.Debug|x86.ActiveCfg = Debug|x86
		{647A3D40-DC99-4A5E-A35E-5059343701FC}.Debug|x86.Build.0 = Debug|x86
		{647A3D40-DC99-4A5E-A35E-5059343701FC}.Release|Any CPU.ActiveCfg = Release|x86
		{647A3D40-DC99-4A5E-A35E-5059343701FC}.Release|ARM.ActiveCfg = Release|x86
		{647A3D40-DC99-4A5E-A35E-5059343701FC}.Release|Mixed Platforms.ActiveCfg = Release|x86
		{647A3D40-DC99-4A5E-A35E-5059343701FC}.Release|Mixed Platforms.Build.0 = Release|x86
		{647A3D40-DC99-4A5E-A35E-5059343701FC}.Release|x64.ActiveCfg = Release|x86
		{647A3D40-DC99-4A5E-A35E-5059343701FC}.Release|x86.ActiveCfg = Release|x86
		{647A3D40-DC99-4A5E-A35E-5059343701FC}.Release|x86.Build.0 = Release|x86
		{5247301D-5E5D-48A8-AA5F-14F870452A93}.dddd|Any CPU.ActiveCfg = Debug|x86
		{5247301D-5E5D-48A8-AA5F-14F870452A93}.dddd|ARM.ActiveCfg = Debug|x86
		{5247301D-5E5D-48A8-AA5F-14F870452A93}.dddd|Mixed Platforms.ActiveCfg = Debug|x86
		{5247301D-5E5D-48A8-AA5F-14F870452A93}.dddd|Mixed Platforms.Build.0 = Debug|x86
		{5247301D-5E5D-48A8-AA5F-14F870452A93}.dddd|x64.ActiveCfg = Debug|x86
		{5247301D-5E5D-48A8-AA5F-14F870452A93}.dddd|x86.ActiveCfg = Debug|x86
		{5247301D-5E5D-48A8-AA5F-14F870452A93}.dddd|x86.Build.0 = Debug|x86
		{5247301D-5E5D-48A8-AA5F-14F870452A93}.Debug|Any CPU.ActiveCfg = Debug|x86
		{5247301D-5E5D-48A8-AA5F-14F870452A93}.Debug|ARM.ActiveCfg = Debug|x86
		{5247301D-5E5D-48A8-AA5F-14F870452A93}.Debug|Mixed Platforms.ActiveCfg = Debug|x86
		{5247301D-5E5D-48A8-AA5F-14F870452A93}.Debug|Mixed Platforms.Build.0 = Debug|x86
		{5247301D-5E5D-48A8-AA5F-14F870452A93}.Debug|x64.ActiveCfg = Debug|x86
		{5247301D-5E5D-48A8-AA5F-14F870452A93}.Debug|x86.ActiveCfg = Debug|x86
		{5247301D-5E5D-48A8-AA5F-14F870452A93}.Debug|x86.Build.0 = Debug|x86
		{5247301D-5E5D-48A8-AA5F-14F870452A93}.Release|Any CPU.ActiveCfg = Release|x86
		{5247301D-5E5D-48A8-AA5F-14F870452A93}.Release|ARM.ActiveCfg = Release|x86
		{5247301D-5E5D-48A8-AA5F-14F870452A93}.Release|Mixed Platforms.ActiveCfg = Release|x86
		{5247301D-5E5D-48A8-AA5F-14F870452A93}.Release|Mixed Platforms.Build.0 = Release|x86
		{5247301D-5E5D-48A8-AA5F-14F870452A93}.Release|x64.ActiveCfg = Release|x86
		{5247301D-5E5D-48A8-AA5F-14F870452A93}.Release|x86.ActiveCfg = Release|x86
		{5247301D-5E5D-48A8-AA5F-14F870452A93}.Release|x86.Build.0 = Release|x86
		{84E3521D-99D8-4757-B335-BD9BCAC4A974}.dddd|Any CPU.ActiveCfg = Debug|x86
		{84E3521D-99D8-4757-B335-BD9BCAC4A974}.dddd|ARM.ActiveCfg = Debug|x86
		{84E3521D-99D8-4757-B335-BD9BCAC4A974}.dddd|Mixed Platforms.ActiveCfg = Debug|x86
		{84E3521D-99D8-4757-B335-BD9BCAC4A974}.dddd|Mixed Platforms.Build.0 = Debug|x86
		{84E3521D-99D8-4757-B335-BD9BCAC4A974}.dddd|x64.ActiveCfg = Debug|x86
		{84E3521D-99D8-4757-B335-BD9BCAC4A974}.dddd|x86.ActiveCfg = Debug|x86
		{84E3521D-99D8-4757-B335-BD9BCAC4A974}.dddd|x86.Build.0 = Debug|x86
		{84E3521D-99D8-4757-B335-BD9BCAC4A974}.Debug|Any CPU.ActiveCfg = Debug|x86
		{84E3521D-99D8-4757-B335-BD9BCAC4A974}.Debug|ARM.ActiveCfg = Debug|x86
		{84E3521D-99D8-4757-B335-BD9BCAC4A974}.Debug|Mixed Platforms.ActiveCfg = Debug|x86
		{84E3521D-99D8-4757-B335-BD9BCAC4A974}.Debug|Mixed Platforms.Build.0 = Debug|x86
		{84E3521D-99D8-4757-B335-BD9BCAC4A974}.Debug|x64.ActiveCfg = Debug|x86
		{84E3521D-99D8-4757-B335-BD9BCAC4A974}.Debug|x86.ActiveCfg = Debug|x86
		{84E3521D-99D8-4757-B335-BD9BCAC4A974}.Debug|x86.Build.0 = Debug|x86
		{84E3521D-99D8-4757-B335-BD9BCAC4A974}.Release|Any CPU.ActiveCfg = Release|x86
		{84E3521D-99D8-4757-B335-BD9BCAC4A974}.Release|ARM.ActiveCfg = Release|x86
		{84E3521D-99D8-4757-B335-BD9BCAC4A974}.Release|Mixed Platforms.ActiveCfg = Release|x86
		{84E3521D-99D8-4757-B335-BD9BCAC4A974}.Release|Mixed Platforms.Build.0 = Release|x86
		{84E3521D-99D8-4757-B335-BD9BCAC4A974}.Release|x64.ActiveCfg = Release|x86
		{84E3521D-99D8-4757-B335-BD9BCAC4A974}.Release|x86.ActiveCfg = Release|x86
		{84E3521D-99D8-4757-B335-BD9BCAC4A974}.Release|x86.Build.0 = Release|x86
		{CB3E9051-F9B9-4764-B27C-78195FE4AC4D}.dddd|Any CPU.ActiveCfg = Debug|Any CPU
		{CB3E9051-F9B9-4764-B27C-78195FE4AC4D}.dddd|Any CPU.Build.0 = Debug|Any CPU
		{CB3E9051-F9B9-4764-B27C-78195FE4AC4D}.dddd|ARM.ActiveCfg = Debug|Any CPU
		{CB3E9051-F9B9-4764-B27C-78195FE4AC4D}.dddd|Mixed Platforms.ActiveCfg = Debug|Any CPU
		{CB3E9051-F9B9-4764-B27C-78195FE4AC4D}.dddd|Mixed Platforms.Build.0 = Debug|Any CPU
		{CB3E9051-F9B9-4764-B27C-78195FE4AC4D}.dddd|x64.ActiveCfg = Debug|Any CPU
		{CB3E9051-F9B9-4764-B27C-78195FE4AC4D}.dddd|x86.ActiveCfg = Debug|Any CPU
		{CB3E9051-F9B9-4764-B27C-78195FE4AC4D}.Debug|Any CPU.ActiveCfg = Debug|Any CPU
		{CB3E9051-F9B9-4764-B27C-78195FE4AC4D}.Debug|Any CPU.Build.0 = Debug|Any CPU
		{CB3E9051-F9B9-4764-B27C-78195FE4AC4D}.Debug|ARM.ActiveCfg = Debug|Any CPU
		{CB3E9051-F9B9-4764-B27C-78195FE4AC4D}.Debug|Mixed Platforms.ActiveCfg = Debug|Any CPU
		{CB3E9051-F9B9-4764-B27C-78195FE4AC4D}.Debug|Mixed Platforms.Build.0 = Debug|Any CPU
		{CB3E9051-F9B9-4764-B27C-78195FE4AC4D}.Debug|x64.ActiveCfg = Debug|Any CPU
		{CB3E9051-F9B9-4764-B27C-78195FE4AC4D}.Debug|x86.ActiveCfg = Debug|Any CPU
		{CB3E9051-F9B9-4764-B27C-78195FE4AC4D}.Release|Any CPU.ActiveCfg = Release|Any CPU
		{CB3E9051-F9B9-4764-B27C-78195FE4AC4D}.Release|Any CPU.Build.0 = Release|Any CPU
		{CB3E9051-F9B9-4764-B27C-78195FE4AC4D}.Release|ARM.ActiveCfg = Release|Any CPU
		{CB3E9051-F9B9-4764-B27C-78195FE4AC4D}.Release|Mixed Platforms.ActiveCfg = Release|Any CPU
		{CB3E9051-F9B9-4764-B27C-78195FE4AC4D}.Release|Mixed Platforms.Build.0 = Release|Any CPU
		{CB3E9051-F9B9-4764-B27C-78195FE4AC4D}.Release|x64.ActiveCfg = Release|Any CPU
		{CB3E9051-F9B9-4764-B27C-78195FE4AC4D}.Release|x86.ActiveCfg = Release|Any CPU
		{DFACCDFD-2516-469C-835C-F29C5E67F6FA}.dddd|Any CPU.ActiveCfg = Debug|x86
		{DFACCDFD-2516-469C-835C-F29C5E67F6FA}.dddd|ARM.ActiveCfg = Debug|x86
		{DFACCDFD-2516-469C-835C-F29C5E67F6FA}.dddd|Mixed Platforms.ActiveCfg = Debug|x86
		{DFACCDFD-2516-469C-835C-F29C5E67F6FA}.dddd|Mixed Platforms.Build.0 = Debug|x86
		{DFACCDFD-2516-469C-835C-F29C5E67F6FA}.dddd|x64.ActiveCfg = Debug|x86
		{DFACCDFD-2516-469C-835C-F29C5E67F6FA}.dddd|x86.ActiveCfg = Debug|x86
		{DFACCDFD-2516-469C-835C-F29C5E67F6FA}.dddd|x86.Build.0 = Debug|x86
		{DFACCDFD-2516-469C-835C-F29C5E67F6FA}.Debug|Any CPU.ActiveCfg = Debug|x86
		{DFACCDFD-2516-469C-835C-F29C5E67F6FA}.Debug|ARM.ActiveCfg = Debug|x86
		{DFACCDFD-2516-469C-835C-F29C5E67F6FA}.Debug|Mixed Platforms.ActiveCfg = Debug|x86
		{DFACCDFD-2516-469C-835C-F29C5E67F6FA}.Debug|Mixed Platforms.Build.0 = Debug|x86
		{DFACCDFD-2516-469C-835C-F29C5E67F6FA}.Debug|x64.ActiveCfg = Debug|x86
		{DFACCDFD-2516-469C-835C-F29C5E67F6FA}.Debug|x86.ActiveCfg = Debug|x86
		{DFACCDFD-2516-469C-835C-F29C5E67F6FA}.Debug|x86.Build.0 = Debug|x86
		{DFACCDFD-2516-469C-835C-F29C5E67F6FA}.Release|Any CPU.ActiveCfg = Release|x86
		{DFACCDFD-2516-469C-835C-F29C5E67F6FA}.Release|ARM.ActiveCfg = Release|x86
		{DFACCDFD-2516-469C-835C-F29C5E67F6FA}.Release|Mixed Platforms.ActiveCfg = Release|x86
		{DFACCDFD-2516-469C-835C-F29C5E67F6FA}.Release|Mixed Platforms.Build.0 = Release|x86
		{DFACCDFD-2516-469C-835C-F29C5E67F6FA}.Release|x64.ActiveCfg = Release|x86
		{DFACCDFD-2516-469C-835C-F29C5E67F6FA}.Release|x86.ActiveCfg = Release|x86
		{DFACCDFD-2516-469C-835C-F29C5E67F6FA}.Release|x86.Build.0 = Release|x86
		{21C9EBE7-08EE-43A7-B2DD-0DC64335713D}.dddd|Any CPU.ActiveCfg = Debug|x86
		{21C9EBE7-08EE-43A7-B2DD-0DC64335713D}.dddd|ARM.ActiveCfg = Debug|x86
		{21C9EBE7-08EE-43A7-B2DD-0DC64335713D}.dddd|Mixed Platforms.ActiveCfg = Debug|x86
		{21C9EBE7-08EE-43A7-B2DD-0DC64335713D}.dddd|Mixed Platforms.Build.0 = Debug|x86
		{21C9EBE7-08EE-43A7-B2DD-0DC64335713D}.dddd|x64.ActiveCfg = Debug|x86
		{21C9EBE7-08EE-43A7-B2DD-0DC64335713D}.dddd|x86.ActiveCfg = Debug|x86
		{21C9EBE7-08EE-43A7-B2DD-0DC64335713D}.dddd|x86.Build.0 = Debug|x86
		{21C9EBE7-08EE-43A7-B2DD-0DC64335713D}.Debug|Any CPU.ActiveCfg = Debug|x86
		{21C9EBE7-08EE-43A7-B2DD-0DC64335713D}.Debug|ARM.ActiveCfg = Debug|x86
		{21C9EBE7-08EE-43A7-B2DD-0DC64335713D}.Debug|Mixed Platforms.ActiveCfg = Debug|x86
		{21C9EBE7-08EE-43A7-B2DD-0DC64335713D}.Debug|Mixed Platforms.Build.0 = Debug|x86
		{21C9EBE7-08EE-43A7-B2DD-0DC64335713D}.Debug|x64.ActiveCfg = Debug|x86
		{21C9EBE7-08EE-43A7-B2DD-0DC64335713D}.Debug|x86.ActiveCfg = Debug|x86
		{21C9EBE7-08EE-43A7-B2DD-0DC64335713D}.Debug|x86.Build.0 = Debug|x86
		{21C9EBE7-08EE-43A7-B2DD-0DC64335713D}.Release|Any CPU.ActiveCfg = Release|x86
		{21C9EBE7-08EE-43A7-B2DD-0DC64335713D}.Release|ARM.ActiveCfg = Release|x86
		{21C9EBE7-08EE-43A7-B2DD-0DC64335713D}.Release|Mixed Platforms.ActiveCfg = Release|x86
		{21C9EBE7-08EE-43A7-B2DD-0DC64335713D}.Release|Mixed Platforms.Build.0 = Release|x86
		{21C9EBE7-08EE-43A7-B2DD-0DC64335713D}.Release|x64.ActiveCfg = Release|x86
		{21C9EBE7-08EE-43A7-B2DD-0DC64335713D}.Release|x86.ActiveCfg = Release|x86
		{21C9EBE7-08EE-43A7-B2DD-0DC64335713D}.Release|x86.Build.0 = Release|x86
		{85FABFD0-C8C1-48E0-95DA-28F6A7B2A97A}.dddd|Any CPU.ActiveCfg = Debug|x86
		{85FABFD0-C8C1-48E0-95DA-28F6A7B2A97A}.dddd|ARM.ActiveCfg = Debug|x86
		{85FABFD0-C8C1-48E0-95DA-28F6A7B2A97A}.dddd|Mixed Platforms.ActiveCfg = Debug|x86
		{85FABFD0-C8C1-48E0-95DA-28F6A7B2A97A}.dddd|Mixed Platforms.Build.0 = Debug|x86
		{85FABFD0-C8C1-48E0-95DA-28F6A7B2A97A}.dddd|x64.ActiveCfg = Debug|x86
		{85FABFD0-C8C1-48E0-95DA-28F6A7B2A97A}.dddd|x86.ActiveCfg = Debug|x86
		{85FABFD0-C8C1-48E0-95DA-28F6A7B2A97A}.dddd|x86.Build.0 = Debug|x86
		{85FABFD0-C8C1-48E0-95DA-28F6A7B2A97A}.Debug|Any CPU.ActiveCfg = Debug|x86
		{85FABFD0-C8C1-48E0-95DA-28F6A7B2A97A}.Debug|ARM.ActiveCfg = Debug|x86
		{85FABFD0-C8C1-48E0-95DA-28F6A7B2A97A}.Debug|Mixed Platforms.ActiveCfg = Debug|x86
		{85FABFD0-C8C1-48E0-95DA-28F6A7B2A97A}.Debug|Mixed Platforms.Build.0 = Debug|x86
		{85FABFD0-C8C1-48E0-95DA-28F6A7B2A97A}.Debug|x64.ActiveCfg = Debug|x86
		{85FABFD0-C8C1-48E0-95DA-28F6A7B2A97A}.Debug|x86.ActiveCfg = Debug|x86
		{85FABFD0-C8C1-48E0-95DA-28F6A7B2A97A}.Debug|x86.Build.0 = Debug|x86
		{85FABFD0-C8C1-48E0-95DA-28F6A7B2A97A}.Release|Any CPU.ActiveCfg = Release|x86
		{85FABFD0-C8C1-48E0-95DA-28F6A7B2A97A}.Release|ARM.ActiveCfg = Release|x86
		{85FABFD0-C8C1-48E0-95DA-28F6A7B2A97A}.Release|Mixed Platforms.ActiveCfg = Release|x86
		{85FABFD0-C8C1-48E0-95DA-28F6A7B2A97A}.Release|Mixed Platforms.Build.0 = Release|x86
		{85FABFD0-C8C1-48E0-95DA-28F6A7B2A97A}.Release|x64.ActiveCfg = Release|x86
		{85FABFD0-C8C1-48E0-95DA-28F6A7B2A97A}.Release|x86.ActiveCfg = Release|x86
		{85FABFD0-C8C1-48E0-95DA-28F6A7B2A97A}.Release|x86.Build.0 = Release|x86
		{32305FC5-23AB-4B96-9FC4-C6F49D60CA26}.dddd|Any CPU.ActiveCfg = Debug|Any CPU
		{32305FC5-23AB-4B96-9FC4-C6F49D60CA26}.dddd|Any CPU.Build.0 = Debug|Any CPU
		{32305FC5-23AB-4B96-9FC4-C6F49D60CA26}.dddd|ARM.ActiveCfg = Debug|Any CPU
		{32305FC5-23AB-4B96-9FC4-C6F49D60CA26}.dddd|Mixed Platforms.ActiveCfg = Debug|Any CPU
		{32305FC5-23AB-4B96-9FC4-C6F49D60CA26}.dddd|Mixed Platforms.Build.0 = Debug|Any CPU
		{32305FC5-23AB-4B96-9FC4-C6F49D60CA26}.dddd|x64.ActiveCfg = Debug|Any CPU
		{32305FC5-23AB-4B96-9FC4-C6F49D60CA26}.dddd|x86.ActiveCfg = Debug|Any CPU
		{32305FC5-23AB-4B96-9FC4-C6F49D60CA26}.Debug|Any CPU.ActiveCfg = Debug|Any CPU
		{32305FC5-23AB-4B96-9FC4-C6F49D60CA26}.Debug|Any CPU.Build.0 = Debug|Any CPU
		{32305FC5-23AB-4B96-9FC4-C6F49D60CA26}.Debug|ARM.ActiveCfg = Debug|Any CPU
		{32305FC5-23AB-4B96-9FC4-C6F49D60CA26}.Debug|Mixed Platforms.ActiveCfg = Debug|Any CPU
		{32305FC5-23AB-4B96-9FC4-C6F49D60CA26}.Debug|Mixed Platforms.Build.0 = Debug|Any CPU
		{32305FC5-23AB-4B96-9FC4-C6F49D60CA26}.Debug|x64.ActiveCfg = Debug|Any CPU
		{32305FC5-23AB-4B96-9FC4-C6F49D60CA26}.Debug|x86.ActiveCfg = Debug|Any CPU
		{32305FC5-23AB-4B96-9FC4-C6F49D60CA26}.Release|Any CPU.ActiveCfg = Release|Any CPU
		{32305FC5-23AB-4B96-9FC4-C6F49D60CA26}.Release|Any CPU.Build.0 = Release|Any CPU
		{32305FC5-23AB-4B96-9FC4-C6F49D60CA26}.Release|ARM.ActiveCfg = Release|Any CPU
		{32305FC5-23AB-4B96-9FC4-C6F49D60CA26}.Release|Mixed Platforms.ActiveCfg = Release|Any CPU
		{32305FC5-23AB-4B96-9FC4-C6F49D60CA26}.Release|Mixed Platforms.Build.0 = Release|Any CPU
		{32305FC5-23AB-4B96-9FC4-C6F49D60CA26}.Release|x64.ActiveCfg = Release|Any CPU
		{32305FC5-23AB-4B96-9FC4-C6F49D60CA26}.Release|x86.ActiveCfg = Release|Any CPU
		{C33957C8-9E15-490D-BD41-C8D1BA1D98D5}.dddd|Any CPU.ActiveCfg = Debug|Any CPU
		{C33957C8-9E15-490D-BD41-C8D1BA1D98D5}.dddd|Any CPU.Build.0 = Debug|Any CPU
		{C33957C8-9E15-490D-BD41-C8D1BA1D98D5}.dddd|Any CPU.Deploy.0 = Debug|Any CPU
		{C33957C8-9E15-490D-BD41-C8D1BA1D98D5}.dddd|ARM.ActiveCfg = Debug|ARM
		{C33957C8-9E15-490D-BD41-C8D1BA1D98D5}.dddd|ARM.Build.0 = Debug|ARM
		{C33957C8-9E15-490D-BD41-C8D1BA1D98D5}.dddd|ARM.Deploy.0 = Debug|ARM
		{C33957C8-9E15-490D-BD41-C8D1BA1D98D5}.dddd|Mixed Platforms.ActiveCfg = Debug|x86
		{C33957C8-9E15-490D-BD41-C8D1BA1D98D5}.dddd|Mixed Platforms.Build.0 = Debug|x86
		{C33957C8-9E15-490D-BD41-C8D1BA1D98D5}.dddd|Mixed Platforms.Deploy.0 = Debug|x86
		{C33957C8-9E15-490D-BD41-C8D1BA1D98D5}.dddd|x64.ActiveCfg = Debug|x64
		{C33957C8-9E15-490D-BD41-C8D1BA1D98D5}.dddd|x64.Build.0 = Debug|x64
		{C33957C8-9E15-490D-BD41-C8D1BA1D98D5}.dddd|x64.Deploy.0 = Debug|x64
		{C33957C8-9E15-490D-BD41-C8D1BA1D98D5}.dddd|x86.ActiveCfg = Debug|x86
		{C33957C8-9E15-490D-BD41-C8D1BA1D98D5}.dddd|x86.Build.0 = Debug|x86
		{C33957C8-9E15-490D-BD41-C8D1BA1D98D5}.dddd|x86.Deploy.0 = Debug|x86
		{C33957C8-9E15-490D-BD41-C8D1BA1D98D5}.Debug|Any CPU.ActiveCfg = Debug|Any CPU
		{C33957C8-9E15-490D-BD41-C8D1BA1D98D5}.Debug|Any CPU.Build.0 = Debug|Any CPU
		{C33957C8-9E15-490D-BD41-C8D1BA1D98D5}.Debug|Any CPU.Deploy.0 = Debug|Any CPU
		{C33957C8-9E15-490D-BD41-C8D1BA1D98D5}.Debug|ARM.ActiveCfg = Debug|ARM
		{C33957C8-9E15-490D-BD41-C8D1BA1D98D5}.Debug|ARM.Build.0 = Debug|ARM
		{C33957C8-9E15-490D-BD41-C8D1BA1D98D5}.Debug|ARM.Deploy.0 = Debug|ARM
		{C33957C8-9E15-490D-BD41-C8D1BA1D98D5}.Debug|Mixed Platforms.ActiveCfg = Debug|x86
		{C33957C8-9E15-490D-BD41-C8D1BA1D98D5}.Debug|Mixed Platforms.Build.0 = Debug|x86
		{C33957C8-9E15-490D-BD41-C8D1BA1D98D5}.Debug|Mixed Platforms.Deploy.0 = Debug|x86
		{C33957C8-9E15-490D-BD41-C8D1BA1D98D5}.Debug|x64.ActiveCfg = Debug|x64
		{C33957C8-9E15-490D-BD41-C8D1BA1D98D5}.Debug|x64.Build.0 = Debug|x64
		{C33957C8-9E15-490D-BD41-C8D1BA1D98D5}.Debug|x64.Deploy.0 = Debug|x64
		{C33957C8-9E15-490D-BD41-C8D1BA1D98D5}.Debug|x86.ActiveCfg = Debug|x86
		{C33957C8-9E15-490D-BD41-C8D1BA1D98D5}.Debug|x86.Build.0 = Debug|x86
		{C33957C8-9E15-490D-BD41-C8D1BA1D98D5}.Debug|x86.Deploy.0 = Debug|x86
		{C33957C8-9E15-490D-BD41-C8D1BA1D98D5}.Release|Any CPU.ActiveCfg = Release|Any CPU
		{C33957C8-9E15-490D-BD41-C8D1BA1D98D5}.Release|Any CPU.Build.0 = Release|Any CPU
		{C33957C8-9E15-490D-BD41-C8D1BA1D98D5}.Release|Any CPU.Deploy.0 = Release|Any CPU
		{C33957C8-9E15-490D-BD41-C8D1BA1D98D5}.Release|ARM.ActiveCfg = Release|ARM
		{C33957C8-9E15-490D-BD41-C8D1BA1D98D5}.Release|ARM.Build.0 = Release|ARM
		{C33957C8-9E15-490D-BD41-C8D1BA1D98D5}.Release|ARM.Deploy.0 = Release|ARM
		{C33957C8-9E15-490D-BD41-C8D1BA1D98D5}.Release|Mixed Platforms.ActiveCfg = Release|x86
		{C33957C8-9E15-490D-BD41-C8D1BA1D98D5}.Release|Mixed Platforms.Build.0 = Release|x86
		{C33957C8-9E15-490D-BD41-C8D1BA1D98D5}.Release|Mixed Platforms.Deploy.0 = Release|x86
		{C33957C8-9E15-490D-BD41-C8D1BA1D98D5}.Release|x64.ActiveCfg = Release|x64
		{C33957C8-9E15-490D-BD41-C8D1BA1D98D5}.Release|x64.Build.0 = Release|x64
		{C33957C8-9E15-490D-BD41-C8D1BA1D98D5}.Release|x64.Deploy.0 = Release|x64
		{C33957C8-9E15-490D-BD41-C8D1BA1D98D5}.Release|x86.ActiveCfg = Release|x86
		{C33957C8-9E15-490D-BD41-C8D1BA1D98D5}.Release|x86.Build.0 = Release|x86
		{C33957C8-9E15-490D-BD41-C8D1BA1D98D5}.Release|x86.Deploy.0 = Release|x86
	EndGlobalSection
	GlobalSection(SolutionProperties) = preSolution
		HideSolutionNode = FALSE
	EndGlobalSection
EndGlobal
