
Microsoft Visual Studio Solution File, Format Version 10.00
# Visual Studio 2008
Project("{FAE04EC0-301F-11D3-BF4B-00C04F79EFBC}") = "TempFile", "TempFile\TempFile.csproj", "{071074F4-9B4E-474F-8F90-C9DA88B65B4D}"
EndProject
Global
	GlobalSection(SolutionConfigurationPlatforms) = preSolution
		Debug|Any CPU = Debug|Any CPU
		Release|Any CPU = Release|Any CPU
	EndGlobalSection
	GlobalSection(ProjectConfigurationPlatforms) = postSolution
		{071074F4-9B4E-474F-8F90-C9DA88B65B4D}.Debug|Any CPU.ActiveCfg = Debug|Any CPU
		{071074F4-9B4E-474F-8F90-C9DA88B65B4D}.Debug|Any CPU.Build.0 = Debug|Any CPU
		{071074F4-9B4E-474F-8F90-C9DA88B65B4D}.Release|Any CPU.ActiveCfg = Release|Any CPU
		{071074F4-9B4E-474F-8F90-C9DA88B65B4D}.Release|Any CPU.Build.0 = Release|Any CPU
	EndGlobalSection
	GlobalSection(SolutionProperties) = preSolution
		HideSolutionNode = FALSE
	EndGlobalSection
EndGlobal
