
Microsoft Visual Studio Solution File, Format Version 10.00
# Visual Studio 2008
Project("{FAE04EC0-301F-11D3-BF4B-00C04F79EFBC}") = "AddImage", "AddImage\AddImage.csproj", "{EE528C1E-3106-46A1-8C7C-35D0F3E6BE12}"
EndProject
Global
	GlobalSection(SolutionConfigurationPlatforms) = preSolution
		Debug|Any CPU = Debug|Any CPU
		Release|Any CPU = Release|Any CPU
	EndGlobalSection
	GlobalSection(ProjectConfigurationPlatforms) = postSolution
		{EE528C1E-3106-46A1-8C7C-35D0F3E6BE12}.Debug|Any CPU.ActiveCfg = Debug|Any CPU
		{EE528C1E-3106-46A1-8C7C-35D0F3E6BE12}.Debug|Any CPU.Build.0 = Debug|Any CPU
		{EE528C1E-3106-46A1-8C7C-35D0F3E6BE12}.Release|Any CPU.ActiveCfg = Release|Any CPU
		{EE528C1E-3106-46A1-8C7C-35D0F3E6BE12}.Release|Any CPU.Build.0 = Release|Any CPU
	EndGlobalSection
	GlobalSection(SolutionProperties) = preSolution
		HideSolutionNode = FALSE
	EndGlobalSection
EndGlobal
