
Microsoft Visual Studio Solution File, Format Version 10.00
# Visual Studio 2008
Project("{FAE04EC0-301F-11D3-BF4B-00C04F79EFBC}") = "ManyStyle", "ManyStyle\ManyStyle.csproj", "{78ED53B5-235C-4333-A2D3-1B7371A101DA}"
EndProject
Global
	GlobalSection(SolutionConfigurationPlatforms) = preSolution
		Debug|Any CPU = Debug|Any CPU
		Release|Any CPU = Release|Any CPU
	EndGlobalSection
	GlobalSection(ProjectConfigurationPlatforms) = postSolution
		{78ED53B5-235C-4333-A2D3-1B7371A101DA}.Debug|Any CPU.ActiveCfg = Debug|Any CPU
		{78ED53B5-235C-4333-A2D3-1B7371A101DA}.Debug|Any CPU.Build.0 = Debug|Any CPU
		{78ED53B5-235C-4333-A2D3-1B7371A101DA}.Release|Any CPU.ActiveCfg = Release|Any CPU
		{78ED53B5-235C-4333-A2D3-1B7371A101DA}.Release|Any CPU.Build.0 = Release|Any CPU
	EndGlobalSection
	GlobalSection(SolutionProperties) = preSolution
		HideSolutionNode = FALSE
	EndGlobalSection
EndGlobal
