
Microsoft Visual Studio Solution File, Format Version 11.00
# Visual Studio 10
Project("{FAE04EC0-301F-11D3-BF4B-00C04F79EFBC}") = "BigShapes", "BigShapes\BigShapes.csproj", "{A9BB3C10-FAA5-4F03-92AB-BE18F0B9365C}"
EndProject
Global
	GlobalSection(SolutionConfigurationPlatforms) = preSolution
		Debug|Any CPU = Debug|Any CPU
		Release|Any CPU = Release|Any CPU
	EndGlobalSection
	GlobalSection(ProjectConfigurationPlatforms) = postSolution
		{A9BB3C10-FAA5-4F03-92AB-BE18F0B9365C}.Debug|Any CPU.ActiveCfg = Debug|Any CPU
		{A9BB3C10-FAA5-4F03-92AB-BE18F0B9365C}.Debug|Any CPU.Build.0 = Debug|Any CPU
		{A9BB3C10-FAA5-4F03-92AB-BE18F0B9365C}.Release|Any CPU.ActiveCfg = Release|Any CPU
		{A9BB3C10-FAA5-4F03-92AB-BE18F0B9365C}.Release|Any CPU.Build.0 = Release|Any CPU
	EndGlobalSection
	GlobalSection(SolutionProperties) = preSolution
		HideSolutionNode = FALSE
	EndGlobalSection
EndGlobal
