
Microsoft Visual Studio Solution File, Format Version 11.00
# Visual Studio 2010
Project("{FAE04EC0-301F-11D3-BF4B-00C04F79EFBC}") = "RefreshFormByChildForm", "RefreshFormByChildForm.csproj", "{0F61FB0E-77BF-485E-9AB7-94CC37259247}"
EndProject
Global
	GlobalSection(SolutionConfigurationPlatforms) = preSolution
		Debug|Any CPU = Debug|Any CPU
		Release|Any CPU = Release|Any CPU
	EndGlobalSection
	GlobalSection(ProjectConfigurationPlatforms) = postSolution
		{0F61FB0E-77BF-485E-9AB7-94CC37259247}.Debug|Any CPU.ActiveCfg = Debug|Any CPU
		{0F61FB0E-77BF-485E-9AB7-94CC37259247}.Debug|Any CPU.Build.0 = Debug|Any CPU
		{0F61FB0E-77BF-485E-9AB7-94CC37259247}.Release|Any CPU.ActiveCfg = Release|Any CPU
		{0F61FB0E-77BF-485E-9AB7-94CC37259247}.Release|Any CPU.Build.0 = Release|Any CPU
	EndGlobalSection
	GlobalSection(SolutionProperties) = preSolution
		HideSolutionNode = FALSE
	EndGlobalSection
EndGlobal
