
Microsoft Visual Studio Solution File, Format Version 10.00
# Visual Studio 2008
Project("{FAE04EC0-301F-11D3-BF4B-00C04F79EFBC}") = "LinqToXmlConvert", "LinqToXmlConvert\LinqToXmlConvert.csproj", "{14795F2E-1601-4167-9843-2FAAE43BAFA3}"
EndProject
Global
	GlobalSection(SolutionConfigurationPlatforms) = preSolution
		Debug|Any CPU = Debug|Any CPU
		Release|Any CPU = Release|Any CPU
	EndGlobalSection
	GlobalSection(ProjectConfigurationPlatforms) = postSolution
		{14795F2E-1601-4167-9843-2FAAE43BAFA3}.Debug|Any CPU.ActiveCfg = Debug|Any CPU
		{14795F2E-1601-4167-9843-2FAAE43BAFA3}.Debug|Any CPU.Build.0 = Debug|Any CPU
		{14795F2E-1601-4167-9843-2FAAE43BAFA3}.Release|Any CPU.ActiveCfg = Release|Any CPU
		{14795F2E-1601-4167-9843-2FAAE43BAFA3}.Release|Any CPU.Build.0 = Release|Any CPU
	EndGlobalSection
	GlobalSection(SolutionProperties) = preSolution
		HideSolutionNode = FALSE
	EndGlobalSection
EndGlobal
