
Microsoft Visual Studio Solution File, Format Version 10.00
# Visual Studio 2008
Project("{FAE04EC0-301F-11D3-BF4B-00C04F79EFBC}") = "AddLine", "AddLine\AddLine.csproj", "{A7C06228-CD4F-4526-8CAF-D4A02308942D}"
EndProject
Global
	GlobalSection(SolutionConfigurationPlatforms) = preSolution
		Debug|Any CPU = Debug|Any CPU
		Release|Any CPU = Release|Any CPU
	EndGlobalSection
	GlobalSection(ProjectConfigurationPlatforms) = postSolution
		{A7C06228-CD4F-4526-8CAF-D4A02308942D}.Debug|Any CPU.ActiveCfg = Debug|Any CPU
		{A7C06228-CD4F-4526-8CAF-D4A02308942D}.Debug|Any CPU.Build.0 = Debug|Any CPU
		{A7C06228-CD4F-4526-8CAF-D4A02308942D}.Release|Any CPU.ActiveCfg = Release|Any CPU
		{A7C06228-CD4F-4526-8CAF-D4A02308942D}.Release|Any CPU.Build.0 = Release|Any CPU
	EndGlobalSection
	GlobalSection(SolutionProperties) = preSolution
		HideSolutionNode = FALSE
	EndGlobalSection
EndGlobal
