
Microsoft Visual Studio Solution File, Format Version 10.00
# Visual Studio 2008
Project("{FAE04EC0-301F-11D3-BF4B-00C04F79EFBC}") = "ProsessStatus", "ProsessStatus\ProsessStatus.csproj", "{7E35757B-A3B2-4E31-8F71-0D284DE19DF5}"
EndProject
Global
	GlobalSection(SolutionConfigurationPlatforms) = preSolution
		Debug|Any CPU = Debug|Any CPU
		Release|Any CPU = Release|Any CPU
	EndGlobalSection
	GlobalSection(ProjectConfigurationPlatforms) = postSolution
		{7E35757B-A3B2-4E31-8F71-0D284DE19DF5}.Debug|Any CPU.ActiveCfg = Debug|Any CPU
		{7E35757B-A3B2-4E31-8F71-0D284DE19DF5}.Debug|Any CPU.Build.0 = Debug|Any CPU
		{7E35757B-A3B2-4E31-8F71-0D284DE19DF5}.Release|Any CPU.ActiveCfg = Release|Any CPU
		{7E35757B-A3B2-4E31-8F71-0D284DE19DF5}.Release|Any CPU.Build.0 = Release|Any CPU
	EndGlobalSection
	GlobalSection(SolutionProperties) = preSolution
		HideSolutionNode = FALSE
	EndGlobalSection
EndGlobal
